// !$*UTF8*$!
{
	archiveVersion = 1;
	classes = {
	};
	objectVersion = 46;
	objects = {

/* Begin PBXBuildFile section */
		B75E76F645D0FB5E81FE1830 /* Pods_CWXMPPChat.framework in Frameworks */ = {isa = PBXBuildFile; fileRef = F5B39067CBE9F6B9F84053A7 /* Pods_CWXMPPChat.framework */; };
		ED28FD231D005A6F000916D3 /* CWHelpAndFeedbackViewController.swift in Sources */ = {isa = PBXBuildFile; fileRef = ED28FD221D005A6F000916D3 /* CWHelpAndFeedbackViewController.swift */; };
		ED28FD251D005B62000916D3 /* CWAccountSafetyViewController.swift in Sources */ = {isa = PBXBuildFile; fileRef = ED28FD241D005B62000916D3 /* CWAccountSafetyViewController.swift */; };
		ED28FD271D005BBE000916D3 /* CWAccountSafetyHelper.swift in Sources */ = {isa = PBXBuildFile; fileRef = ED28FD261D005BBE000916D3 /* CWAccountSafetyHelper.swift */; };
		ED5BC2B71CF87DD700E1A827 /* AppDelegate.swift in Sources */ = {isa = PBXBuildFile; fileRef = ED5BC2AA1CF87DD700E1A827 /* AppDelegate.swift */; };
		ED5BC2B81CF87DD700E1A827 /* Assets.xcassets in Resources */ = {isa = PBXBuildFile; fileRef = ED5BC2AB1CF87DD700E1A827 /* Assets.xcassets */; };
		ED5BC2BA1CF87DD700E1A827 /* Main.storyboard in Resources */ = {isa = PBXBuildFile; fileRef = ED5BC2AE1CF87DD700E1A827 /* Main.storyboard */; };
		ED5BC2BE1CF87DF900E1A827 /* LaunchScreen.storyboard in Resources */ = {isa = PBXBuildFile; fileRef = ED5BC2BD1CF87DF900E1A827 /* LaunchScreen.storyboard */; };
		ED5BC2C11CF885FD00E1A827 /* CWXMPPManager.swift in Sources */ = {isa = PBXBuildFile; fileRef = ED5BC2C01CF885FD00E1A827 /* CWXMPPManager.swift */; };
		ED5BC2C31CF8943900E1A827 /* CWXMPPMessage.swift in Sources */ = {isa = PBXBuildFile; fileRef = ED5BC2C21CF8943900E1A827 /* CWXMPPMessage.swift */; };
		ED5BC2C51CF899D600E1A827 /* CWChatConst.swift in Sources */ = {isa = PBXBuildFile; fileRef = ED5BC2C41CF899D600E1A827 /* CWChatConst.swift */; };
		ED5BC2C71CF8AA4500E1A827 /* CWChatTabBarContoller.swift in Sources */ = {isa = PBXBuildFile; fileRef = ED5BC2C61CF8AA4500E1A827 /* CWChatTabBarContoller.swift */; };
		ED5BC2C91CF8AAD000E1A827 /* CWChatNavigationController.swift in Sources */ = {isa = PBXBuildFile; fileRef = ED5BC2C81CF8AAD000E1A827 /* CWChatNavigationController.swift */; };
		ED5BC2D51CF8AB8900E1A827 /* CWFriendsViewController.swift in Sources */ = {isa = PBXBuildFile; fileRef = ED5BC2CC1CF8AB8900E1A827 /* CWFriendsViewController.swift */; };
		ED5BC2D61CF8AB8900E1A827 /* FriendsHelper.swift in Sources */ = {isa = PBXBuildFile; fileRef = ED5BC2CE1CF8AB8900E1A827 /* FriendsHelper.swift */; };
		ED5BC2D71CF8AB8900E1A827 /* ChatFriendCell.swift in Sources */ = {isa = PBXBuildFile; fileRef = ED5BC2D01CF8AB8900E1A827 /* ChatFriendCell.swift */; };
		ED5BC2D91CF8ABEE00E1A827 /* CWChatUserModel.swift in Sources */ = {isa = PBXBuildFile; fileRef = ED5BC2D81CF8ABEE00E1A827 /* CWChatUserModel.swift */; };
		ED5BC2DB1CF8AE4A00E1A827 /* CWConversationsViewController.swift in Sources */ = {isa = PBXBuildFile; fileRef = ED5BC2DA1CF8AE4A00E1A827 /* CWConversationsViewController.swift */; };
		ED5CDD9F1CFC8C6C000ECD8F /* NSObject+Extension.swift in Sources */ = {isa = PBXBuildFile; fileRef = ED5CDD9E1CFC8C6C000ECD8F /* NSObject+Extension.swift */; };
		ED5CDDA11CFC8F2B000ECD8F /* CWTextMessageCell.swift in Sources */ = {isa = PBXBuildFile; fileRef = ED5CDDA01CFC8F2B000ECD8F /* CWTextMessageCell.swift */; };
		ED5CDDA31CFC9014000ECD8F /* CWTimeMessageCell.swift in Sources */ = {isa = PBXBuildFile; fileRef = ED5CDDA21CFC9014000ECD8F /* CWTimeMessageCell.swift */; };
		ED7C4F0C1CFD0E1800D20B2C /* UIImageView+Extensions.swift in Sources */ = {isa = PBXBuildFile; fileRef = ED7C4F0B1CFD0E1800D20B2C /* UIImageView+Extensions.swift */; };
		ED7C4F371CFD42A200D20B2C /* CWImageMessageCell.swift in Sources */ = {isa = PBXBuildFile; fileRef = ED7C4F361CFD42A200D20B2C /* CWImageMessageCell.swift */; };
		ED7C4F3A1CFD5F3900D20B2C /* CWSettingViewController.swift in Sources */ = {isa = PBXBuildFile; fileRef = ED7C4F391CFD5F3900D20B2C /* CWSettingViewController.swift */; };
		ED7C4F3C1CFD5F6400D20B2C /* CWSettingItem.swift in Sources */ = {isa = PBXBuildFile; fileRef = ED7C4F3B1CFD5F6400D20B2C /* CWSettingItem.swift */; };
		ED7C4F3E1CFD5F7200D20B2C /* CWSettingGroup.swift in Sources */ = {isa = PBXBuildFile; fileRef = ED7C4F3D1CFD5F7200D20B2C /* CWSettingGroup.swift */; };
		ED7C4F431CFD632400D20B2C /* CWSettingCell.swift in Sources */ = {isa = PBXBuildFile; fileRef = ED7C4F421CFD632400D20B2C /* CWSettingCell.swift */; };
		ED7C4F451CFD724600D20B2C /* CWSettingButtonCell.swift in Sources */ = {isa = PBXBuildFile; fileRef = ED7C4F441CFD724600D20B2C /* CWSettingButtonCell.swift */; };
		ED7C4F471CFD725D00D20B2C /* CWSettingSwitchCell.swift in Sources */ = {isa = PBXBuildFile; fileRef = ED7C4F461CFD725D00D20B2C /* CWSettingSwitchCell.swift */; };
		ED7C4F491CFD73D400D20B2C /* CWSettingHeaderTitleView.swift in Sources */ = {isa = PBXBuildFile; fileRef = ED7C4F481CFD73D400D20B2C /* CWSettingHeaderTitleView.swift */; };
		ED7C4F4B1CFD74F000D20B2C /* CWSettingFooterTitleView.swift in Sources */ = {isa = PBXBuildFile; fileRef = ED7C4F4A1CFD74F000D20B2C /* CWSettingFooterTitleView.swift */; };
		ED7C4F4D1CFD797900D20B2C /* CWSettingProtocol.swift in Sources */ = {isa = PBXBuildFile; fileRef = ED7C4F4C1CFD797900D20B2C /* CWSettingProtocol.swift */; };
		ED7C4F4F1CFD931E00D20B2C /* CWMineSettingViewController.swift in Sources */ = {isa = PBXBuildFile; fileRef = ED7C4F4E1CFD931E00D20B2C /* CWMineSettingViewController.swift */; };
		ED7C4F511CFD934A00D20B2C /* CWMineSettingHelper.swift in Sources */ = {isa = PBXBuildFile; fileRef = ED7C4F501CFD934A00D20B2C /* CWMineSettingHelper.swift */; };
		ED7C4F531CFDA0E600D20B2C /* CWUIUtility.swift in Sources */ = {isa = PBXBuildFile; fileRef = ED7C4F521CFDA0E600D20B2C /* CWUIUtility.swift */; };
		ED7C4F551CFDA6AC00D20B2C /* CWNewMessageSettingViewController.swift in Sources */ = {isa = PBXBuildFile; fileRef = ED7C4F541CFDA6AC00D20B2C /* CWNewMessageSettingViewController.swift */; };
		ED7C4F571CFDA6ED00D20B2C /* CWNewMessageSettingHelper.swift in Sources */ = {isa = PBXBuildFile; fileRef = ED7C4F561CFDA6ED00D20B2C /* CWNewMessageSettingHelper.swift */; };
		ED7C4F591CFDE69700D20B2C /* CWPrivacySettingViewController.swift in Sources */ = {isa = PBXBuildFile; fileRef = ED7C4F581CFDE69700D20B2C /* CWPrivacySettingViewController.swift */; };
		ED7C4F5B1CFDE6C800D20B2C /* CWPrivacySettingHelper.swift in Sources */ = {isa = PBXBuildFile; fileRef = ED7C4F5A1CFDE6C800D20B2C /* CWPrivacySettingHelper.swift */; };
		ED7C4F5D1CFDEBA900D20B2C /* CWCommonSettingViewController.swift in Sources */ = {isa = PBXBuildFile; fileRef = ED7C4F5C1CFDEBA900D20B2C /* CWCommonSettingViewController.swift */; };
		ED7C4F5F1CFDEBCD00D20B2C /* CWCommonSettingHelper.swift in Sources */ = {isa = PBXBuildFile; fileRef = ED7C4F5E1CFDEBCD00D20B2C /* CWCommonSettingHelper.swift */; };
		ED93E7951CF91E8B0038D7CF /* CWXMPPProtocol.swift in Sources */ = {isa = PBXBuildFile; fileRef = ED93E7941CF91E8B0038D7CF /* CWXMPPProtocol.swift */; };
		ED93E7A01CF9215B0038D7CF /* CWMessageDispatchOperation.swift in Sources */ = {isa = PBXBuildFile; fileRef = ED93E79E1CF9215B0038D7CF /* CWMessageDispatchOperation.swift */; };
		ED93E7A11CF9215B0038D7CF /* CWMessageDispatchQueue.swift in Sources */ = {isa = PBXBuildFile; fileRef = ED93E79F1CF9215B0038D7CF /* CWMessageDispatchQueue.swift */; };
		ED93E7A31CF9216F0038D7CF /* CWTextMessageDispatchOperation.swift in Sources */ = {isa = PBXBuildFile; fileRef = ED93E7A21CF9216F0038D7CF /* CWTextMessageDispatchOperation.swift */; };
		ED93E7A51CF9217D0038D7CF /* CWImageMessageDispatchOperation.swift in Sources */ = {isa = PBXBuildFile; fileRef = ED93E7A41CF9217D0038D7CF /* CWImageMessageDispatchOperation.swift */; };
		EDF48A701CF93DE500B50DCE /* NSString+Extensions.swift in Sources */ = {isa = PBXBuildFile; fileRef = EDF48A6F1CF93DE500B50DCE /* NSString+Extensions.swift */; };
		EDF48A721CF9829800B50DCE /* CWChatViewController.swift in Sources */ = {isa = PBXBuildFile; fileRef = EDF48A711CF9829800B50DCE /* CWChatViewController.swift */; };
		EDF48A741CF9895E00B50DCE /* UIColor+Extensions.swift in Sources */ = {isa = PBXBuildFile; fileRef = EDF48A731CF9895E00B50DCE /* UIColor+Extensions.swift */; };
		EDF48A7A1CF98CF900B50DCE /* CWConversationCell.swift in Sources */ = {isa = PBXBuildFile; fileRef = EDF48A791CF98CF900B50DCE /* CWConversationCell.swift */; };
		EDF48A7D1CF98E3700B50DCE /* CWConversationUIConstant.swift in Sources */ = {isa = PBXBuildFile; fileRef = EDF48A7C1CF98E3700B50DCE /* CWConversationUIConstant.swift */; };
		EDF48A801CF98EDB00B50DCE /* ChatTimeTool.swift in Sources */ = {isa = PBXBuildFile; fileRef = EDF48A7F1CF98EDB00B50DCE /* ChatTimeTool.swift */; };
		EDF48A821CF98F2000B50DCE /* CWBadgeView.swift in Sources */ = {isa = PBXBuildFile; fileRef = EDF48A811CF98F2000B50DCE /* CWBadgeView.swift */; };
		EDF48A841CF98FAB00B50DCE /* CWConversationModel.swift in Sources */ = {isa = PBXBuildFile; fileRef = EDF48A831CF98FAB00B50DCE /* CWConversationModel.swift */; };
		EDF48A861CF991AE00B50DCE /* CWMessageProtocol.swift in Sources */ = {isa = PBXBuildFile; fileRef = EDF48A851CF991AE00B50DCE /* CWMessageProtocol.swift */; };
		EDF48A881CF9C84800B50DCE /* CWBaseMessageCell.swift in Sources */ = {isa = PBXBuildFile; fileRef = EDF48A871CF9C84800B50DCE /* CWBaseMessageCell.swift */; };
		EDF48A8C1CF9D55C00B50DCE /* UIImage+CWChat.swift in Sources */ = {isa = PBXBuildFile; fileRef = EDF48A8B1CF9D55C00B50DCE /* UIImage+CWChat.swift */; };
		EDF48A961CF9D85900B50DCE /* CWDiscoverViewController.swift in Sources */ = {isa = PBXBuildFile; fileRef = EDF48A951CF9D85900B50DCE /* CWDiscoverViewController.swift */; };
		EDF48A981CF9D88000B50DCE /* CWMineViewController.swift in Sources */ = {isa = PBXBuildFile; fileRef = EDF48A971CF9D88000B50DCE /* CWMineViewController.swift */; };
		EDF48A9B1CF9D8D300B50DCE /* CWMenuViewController.swift in Sources */ = {isa = PBXBuildFile; fileRef = EDF48A9A1CF9D8D300B50DCE /* CWMenuViewController.swift */; };
		EDF48A9D1CF9D8F600B50DCE /* CWMenuCell.swift in Sources */ = {isa = PBXBuildFile; fileRef = EDF48A9C1CF9D8F600B50DCE /* CWMenuCell.swift */; };
		EDF48A9F1CF9E5DB00B50DCE /* CWMenuItem.swift in Sources */ = {isa = PBXBuildFile; fileRef = EDF48A9E1CF9E5DB00B50DCE /* CWMenuItem.swift */; };
		EDF48AA11CF9EE4900B50DCE /* CWDiscoverHelper.swift in Sources */ = {isa = PBXBuildFile; fileRef = EDF48AA01CF9EE4900B50DCE /* CWDiscoverHelper.swift */; };
		EDF48AA31CF9F95F00B50DCE /* CWMineHelper.swift in Sources */ = {isa = PBXBuildFile; fileRef = EDF48AA21CF9F95F00B50DCE /* CWMineHelper.swift */; };
		EDF48AA51CF9FC1C00B50DCE /* CWMineUserCell.swift in Sources */ = {isa = PBXBuildFile; fileRef = EDF48AA41CF9FC1C00B50DCE /* CWMineUserCell.swift */; };
		EDF48AA71CFA024A00B50DCE /* CWLogger.swift in Sources */ = {isa = PBXBuildFile; fileRef = EDF48AA61CFA024A00B50DCE /* CWLogger.swift */; };
		EDF48AAA1CFA82A100B50DCE /* CWSearchController.swift in Sources */ = {isa = PBXBuildFile; fileRef = EDF48AA91CFA82A100B50DCE /* CWSearchController.swift */; };
		EDF48AAD1CFA87A500B50DCE /* CWTableViewController.swift in Sources */ = {isa = PBXBuildFile; fileRef = EDF48AAC1CFA87A500B50DCE /* CWTableViewController.swift */; };
		EDF48AAF1CFA883900B50DCE /* CWFriendSearchViewController.swift in Sources */ = {isa = PBXBuildFile; fileRef = EDF48AAE1CFA883900B50DCE /* CWFriendSearchViewController.swift */; };
		EDF48AB11CFA8CCF00B50DCE /* CWFriendsViewController+Delegate.swift in Sources */ = {isa = PBXBuildFile; fileRef = EDF48AB01CFA8CCF00B50DCE /* CWFriendsViewController+Delegate.swift */; };
		EDF48AB41CFACADC00B50DCE /* CWWebViewController.swift in Sources */ = {isa = PBXBuildFile; fileRef = EDF48AB31CFACADC00B50DCE /* CWWebViewController.swift */; };
		EDF48AB61CFAD63300B50DCE /* CWGameViewController.swift in Sources */ = {isa = PBXBuildFile; fileRef = EDF48AB51CFAD63300B50DCE /* CWGameViewController.swift */; };
		EDF48AB81CFAE32E00B50DCE /* UIBarButtonItem+Extensions.swift in Sources */ = {isa = PBXBuildFile; fileRef = EDF48AB71CFAE32E00B50DCE /* UIBarButtonItem+Extensions.swift */; };
		EDF48ABA1CFAE7F100B50DCE /* UIView+Frame.swift in Sources */ = {isa = PBXBuildFile; fileRef = EDF48AB91CFAE7F100B50DCE /* UIView+Frame.swift */; };
		EDF48ABE1CFB4A8200B50DCE /* CWMessageCracker.swift in Sources */ = {isa = PBXBuildFile; fileRef = EDF48ABD1CFB4A8200B50DCE /* CWMessageCracker.swift */; };
		EDF48AC01CFB4CF300B50DCE /* CWMessageTransmitter.swift in Sources */ = {isa = PBXBuildFile; fileRef = EDF48ABF1CFB4CF300B50DCE /* CWMessageTransmitter.swift */; };
		EDF48AC41CFBBCB500B50DCE /* CWBaseMessageHandle.swift in Sources */ = {isa = PBXBuildFile; fileRef = EDF48AC31CFBBCB500B50DCE /* CWBaseMessageHandle.swift */; };
		EDF48AC61CFBDCDE00B50DCE /* CWChatMessageHandle.swift in Sources */ = {isa = PBXBuildFile; fileRef = EDF48AC51CFBDCDE00B50DCE /* CWChatMessageHandle.swift */; };
		EDF48AC81CFBDE4000B50DCE /* CWMessageModel.swift in Sources */ = {isa = PBXBuildFile; fileRef = EDF48AC71CFBDE4000B50DCE /* CWMessageModel.swift */; };
		EDF48B0E1CFC2DD300B50DCE /* CWBaseMessageViewController.swift in Sources */ = {isa = PBXBuildFile; fileRef = EDF48B0D1CFC2DD300B50DCE /* CWBaseMessageViewController.swift */; };
/* End PBXBuildFile section */

/* Begin PBXFileReference section */
		1A302019F436D9B4A03C7DC5 /* Pods-CWXMPPChat.debug.xcconfig */ = {isa = PBXFileReference; includeInIndex = 1; lastKnownFileType = text.xcconfig; name = "Pods-CWXMPPChat.debug.xcconfig"; path = "Pods/Target Support Files/Pods-CWXMPPChat/Pods-CWXMPPChat.debug.xcconfig"; sourceTree = "<group>"; };
		E8EDF417EF9BECC0EBD57685 /* Pods-CWXMPPChat.release.xcconfig */ = {isa = PBXFileReference; includeInIndex = 1; lastKnownFileType = text.xcconfig; name = "Pods-CWXMPPChat.release.xcconfig"; path = "Pods/Target Support Files/Pods-CWXMPPChat/Pods-CWXMPPChat.release.xcconfig"; sourceTree = "<group>"; };
		ED28FD221D005A6F000916D3 /* CWHelpAndFeedbackViewController.swift */ = {isa = PBXFileReference; fileEncoding = 4; lastKnownFileType = sourcecode.swift; path = CWHelpAndFeedbackViewController.swift; sourceTree = "<group>"; };
		ED28FD241D005B62000916D3 /* CWAccountSafetyViewController.swift */ = {isa = PBXFileReference; fileEncoding = 4; lastKnownFileType = sourcecode.swift; path = CWAccountSafetyViewController.swift; sourceTree = "<group>"; };
		ED28FD261D005BBE000916D3 /* CWAccountSafetyHelper.swift */ = {isa = PBXFileReference; fileEncoding = 4; lastKnownFileType = sourcecode.swift; path = CWAccountSafetyHelper.swift; sourceTree = "<group>"; };
		ED5BC2941CF87D0D00E1A827 /* CWXMPPChat.app */ = {isa = PBXFileReference; explicitFileType = wrapper.application; includeInIndex = 0; path = CWXMPPChat.app; sourceTree = BUILT_PRODUCTS_DIR; };
		ED5BC2AA1CF87DD700E1A827 /* AppDelegate.swift */ = {isa = PBXFileReference; fileEncoding = 4; lastKnownFileType = sourcecode.swift; path = AppDelegate.swift; sourceTree = "<group>"; };
		ED5BC2AB1CF87DD700E1A827 /* Assets.xcassets */ = {isa = PBXFileReference; lastKnownFileType = folder.assetcatalog; path = Assets.xcassets; sourceTree = "<group>"; };
		ED5BC2AF1CF87DD700E1A827 /* Base */ = {isa = PBXFileReference; lastKnownFileType = file.storyboard; name = Base; path = Base.lproj/Main.storyboard; sourceTree = "<group>"; };
		ED5BC2B01CF87DD700E1A827 /* Info.plist */ = {isa = PBXFileReference; fileEncoding = 4; lastKnownFileType = text.plist.xml; path = Info.plist; sourceTree = "<group>"; };
		ED5BC2BD1CF87DF900E1A827 /* LaunchScreen.storyboard */ = {isa = PBXFileReference; fileEncoding = 4; lastKnownFileType = file.storyboard; path = LaunchScreen.storyboard; sourceTree = "<group>"; };
		ED5BC2C01CF885FD00E1A827 /* CWXMPPManager.swift */ = {isa = PBXFileReference; fileEncoding = 4; lastKnownFileType = sourcecode.swift; path = CWXMPPManager.swift; sourceTree = "<group>"; };
		ED5BC2C21CF8943900E1A827 /* CWXMPPMessage.swift */ = {isa = PBXFileReference; fileEncoding = 4; lastKnownFileType = sourcecode.swift; path = CWXMPPMessage.swift; sourceTree = "<group>"; };
		ED5BC2C41CF899D600E1A827 /* CWChatConst.swift */ = {isa = PBXFileReference; fileEncoding = 4; lastKnownFileType = sourcecode.swift; path = CWChatConst.swift; sourceTree = "<group>"; };
		ED5BC2C61CF8AA4500E1A827 /* CWChatTabBarContoller.swift */ = {isa = PBXFileReference; fileEncoding = 4; lastKnownFileType = sourcecode.swift; path = CWChatTabBarContoller.swift; sourceTree = "<group>"; };
		ED5BC2C81CF8AAD000E1A827 /* CWChatNavigationController.swift */ = {isa = PBXFileReference; fileEncoding = 4; lastKnownFileType = sourcecode.swift; path = CWChatNavigationController.swift; sourceTree = "<group>"; };
		ED5BC2CC1CF8AB8900E1A827 /* CWFriendsViewController.swift */ = {isa = PBXFileReference; fileEncoding = 4; lastKnownFileType = sourcecode.swift; path = CWFriendsViewController.swift; sourceTree = "<group>"; };
		ED5BC2CE1CF8AB8900E1A827 /* FriendsHelper.swift */ = {isa = PBXFileReference; fileEncoding = 4; lastKnownFileType = sourcecode.swift; path = FriendsHelper.swift; sourceTree = "<group>"; };
		ED5BC2D01CF8AB8900E1A827 /* ChatFriendCell.swift */ = {isa = PBXFileReference; fileEncoding = 4; lastKnownFileType = sourcecode.swift; path = ChatFriendCell.swift; sourceTree = "<group>"; };
		ED5BC2D81CF8ABEE00E1A827 /* CWChatUserModel.swift */ = {isa = PBXFileReference; fileEncoding = 4; lastKnownFileType = sourcecode.swift; path = CWChatUserModel.swift; sourceTree = "<group>"; };
		ED5BC2DA1CF8AE4A00E1A827 /* CWConversationsViewController.swift */ = {isa = PBXFileReference; fileEncoding = 4; lastKnownFileType = sourcecode.swift; path = CWConversationsViewController.swift; sourceTree = "<group>"; };
		ED5CDD9E1CFC8C6C000ECD8F /* NSObject+Extension.swift */ = {isa = PBXFileReference; fileEncoding = 4; lastKnownFileType = sourcecode.swift; path = "NSObject+Extension.swift"; sourceTree = "<group>"; };
		ED5CDDA01CFC8F2B000ECD8F /* CWTextMessageCell.swift */ = {isa = PBXFileReference; fileEncoding = 4; lastKnownFileType = sourcecode.swift; path = CWTextMessageCell.swift; sourceTree = "<group>"; };
		ED5CDDA21CFC9014000ECD8F /* CWTimeMessageCell.swift */ = {isa = PBXFileReference; fileEncoding = 4; lastKnownFileType = sourcecode.swift; path = CWTimeMessageCell.swift; sourceTree = "<group>"; };
		ED7C4F0B1CFD0E1800D20B2C /* UIImageView+Extensions.swift */ = {isa = PBXFileReference; fileEncoding = 4; lastKnownFileType = sourcecode.swift; path = "UIImageView+Extensions.swift"; sourceTree = "<group>"; };
		ED7C4F361CFD42A200D20B2C /* CWImageMessageCell.swift */ = {isa = PBXFileReference; fileEncoding = 4; lastKnownFileType = sourcecode.swift; path = CWImageMessageCell.swift; sourceTree = "<group>"; };
		ED7C4F391CFD5F3900D20B2C /* CWSettingViewController.swift */ = {isa = PBXFileReference; fileEncoding = 4; lastKnownFileType = sourcecode.swift; path = CWSettingViewController.swift; sourceTree = "<group>"; };
		ED7C4F3B1CFD5F6400D20B2C /* CWSettingItem.swift */ = {isa = PBXFileReference; fileEncoding = 4; lastKnownFileType = sourcecode.swift; path = CWSettingItem.swift; sourceTree = "<group>"; };
		ED7C4F3D1CFD5F7200D20B2C /* CWSettingGroup.swift */ = {isa = PBXFileReference; fileEncoding = 4; lastKnownFileType = sourcecode.swift; path = CWSettingGroup.swift; sourceTree = "<group>"; };
		ED7C4F421CFD632400D20B2C /* CWSettingCell.swift */ = {isa = PBXFileReference; fileEncoding = 4; lastKnownFileType = sourcecode.swift; path = CWSettingCell.swift; sourceTree = "<group>"; };
		ED7C4F441CFD724600D20B2C /* CWSettingButtonCell.swift */ = {isa = PBXFileReference; fileEncoding = 4; lastKnownFileType = sourcecode.swift; path = CWSettingButtonCell.swift; sourceTree = "<group>"; };
		ED7C4F461CFD725D00D20B2C /* CWSettingSwitchCell.swift */ = {isa = PBXFileReference; fileEncoding = 4; lastKnownFileType = sourcecode.swift; path = CWSettingSwitchCell.swift; sourceTree = "<group>"; };
		ED7C4F481CFD73D400D20B2C /* CWSettingHeaderTitleView.swift */ = {isa = PBXFileReference; fileEncoding = 4; lastKnownFileType = sourcecode.swift; path = CWSettingHeaderTitleView.swift; sourceTree = "<group>"; };
		ED7C4F4A1CFD74F000D20B2C /* CWSettingFooterTitleView.swift */ = {isa = PBXFileReference; fileEncoding = 4; lastKnownFileType = sourcecode.swift; path = CWSettingFooterTitleView.swift; sourceTree = "<group>"; };
		ED7C4F4C1CFD797900D20B2C /* CWSettingProtocol.swift */ = {isa = PBXFileReference; fileEncoding = 4; lastKnownFileType = sourcecode.swift; path = CWSettingProtocol.swift; sourceTree = "<group>"; };
		ED7C4F4E1CFD931E00D20B2C /* CWMineSettingViewController.swift */ = {isa = PBXFileReference; fileEncoding = 4; lastKnownFileType = sourcecode.swift; path = CWMineSettingViewController.swift; sourceTree = "<group>"; };
		ED7C4F501CFD934A00D20B2C /* CWMineSettingHelper.swift */ = {isa = PBXFileReference; fileEncoding = 4; lastKnownFileType = sourcecode.swift; path = CWMineSettingHelper.swift; sourceTree = "<group>"; };
		ED7C4F521CFDA0E600D20B2C /* CWUIUtility.swift */ = {isa = PBXFileReference; fileEncoding = 4; lastKnownFileType = sourcecode.swift; path = CWUIUtility.swift; sourceTree = "<group>"; };
		ED7C4F541CFDA6AC00D20B2C /* CWNewMessageSettingViewController.swift */ = {isa = PBXFileReference; fileEncoding = 4; lastKnownFileType = sourcecode.swift; path = CWNewMessageSettingViewController.swift; sourceTree = "<group>"; };
		ED7C4F561CFDA6ED00D20B2C /* CWNewMessageSettingHelper.swift */ = {isa = PBXFileReference; fileEncoding = 4; lastKnownFileType = sourcecode.swift; path = CWNewMessageSettingHelper.swift; sourceTree = "<group>"; };
		ED7C4F581CFDE69700D20B2C /* CWPrivacySettingViewController.swift */ = {isa = PBXFileReference; fileEncoding = 4; lastKnownFileType = sourcecode.swift; path = CWPrivacySettingViewController.swift; sourceTree = "<group>"; };
		ED7C4F5A1CFDE6C800D20B2C /* CWPrivacySettingHelper.swift */ = {isa = PBXFileReference; fileEncoding = 4; lastKnownFileType = sourcecode.swift; path = CWPrivacySettingHelper.swift; sourceTree = "<group>"; };
		ED7C4F5C1CFDEBA900D20B2C /* CWCommonSettingViewController.swift */ = {isa = PBXFileReference; fileEncoding = 4; lastKnownFileType = sourcecode.swift; path = CWCommonSettingViewController.swift; sourceTree = "<group>"; };
		ED7C4F5E1CFDEBCD00D20B2C /* CWCommonSettingHelper.swift */ = {isa = PBXFileReference; fileEncoding = 4; lastKnownFileType = sourcecode.swift; path = CWCommonSettingHelper.swift; sourceTree = "<group>"; };
		ED93E7941CF91E8B0038D7CF /* CWXMPPProtocol.swift */ = {isa = PBXFileReference; fileEncoding = 4; lastKnownFileType = sourcecode.swift; path = CWXMPPProtocol.swift; sourceTree = "<group>"; };
		ED93E79E1CF9215B0038D7CF /* CWMessageDispatchOperation.swift */ = {isa = PBXFileReference; fileEncoding = 4; lastKnownFileType = sourcecode.swift; path = CWMessageDispatchOperation.swift; sourceTree = "<group>"; };
		ED93E79F1CF9215B0038D7CF /* CWMessageDispatchQueue.swift */ = {isa = PBXFileReference; fileEncoding = 4; lastKnownFileType = sourcecode.swift; path = CWMessageDispatchQueue.swift; sourceTree = "<group>"; };
		ED93E7A21CF9216F0038D7CF /* CWTextMessageDispatchOperation.swift */ = {isa = PBXFileReference; fileEncoding = 4; lastKnownFileType = sourcecode.swift; path = CWTextMessageDispatchOperation.swift; sourceTree = "<group>"; };
		ED93E7A41CF9217D0038D7CF /* CWImageMessageDispatchOperation.swift */ = {isa = PBXFileReference; fileEncoding = 4; lastKnownFileType = sourcecode.swift; path = CWImageMessageDispatchOperation.swift; sourceTree = "<group>"; };
		EDF48A6F1CF93DE500B50DCE /* NSString+Extensions.swift */ = {isa = PBXFileReference; fileEncoding = 4; lastKnownFileType = sourcecode.swift; path = "NSString+Extensions.swift"; sourceTree = "<group>"; };
		EDF48A711CF9829800B50DCE /* CWChatViewController.swift */ = {isa = PBXFileReference; fileEncoding = 4; lastKnownFileType = sourcecode.swift; path = CWChatViewController.swift; sourceTree = "<group>"; };
		EDF48A731CF9895E00B50DCE /* UIColor+Extensions.swift */ = {isa = PBXFileReference; fileEncoding = 4; lastKnownFileType = sourcecode.swift; path = "UIColor+Extensions.swift"; sourceTree = "<group>"; };
		EDF48A791CF98CF900B50DCE /* CWConversationCell.swift */ = {isa = PBXFileReference; fileEncoding = 4; lastKnownFileType = sourcecode.swift; path = CWConversationCell.swift; sourceTree = "<group>"; };
		EDF48A7C1CF98E3700B50DCE /* CWConversationUIConstant.swift */ = {isa = PBXFileReference; fileEncoding = 4; lastKnownFileType = sourcecode.swift; path = CWConversationUIConstant.swift; sourceTree = "<group>"; };
		EDF48A7F1CF98EDB00B50DCE /* ChatTimeTool.swift */ = {isa = PBXFileReference; fileEncoding = 4; lastKnownFileType = sourcecode.swift; path = ChatTimeTool.swift; sourceTree = "<group>"; };
		EDF48A811CF98F2000B50DCE /* CWBadgeView.swift */ = {isa = PBXFileReference; fileEncoding = 4; lastKnownFileType = sourcecode.swift; path = CWBadgeView.swift; sourceTree = "<group>"; };
		EDF48A831CF98FAB00B50DCE /* CWConversationModel.swift */ = {isa = PBXFileReference; fileEncoding = 4; lastKnownFileType = sourcecode.swift; path = CWConversationModel.swift; sourceTree = "<group>"; };
		EDF48A851CF991AE00B50DCE /* CWMessageProtocol.swift */ = {isa = PBXFileReference; fileEncoding = 4; lastKnownFileType = sourcecode.swift; path = CWMessageProtocol.swift; sourceTree = "<group>"; };
		EDF48A871CF9C84800B50DCE /* CWBaseMessageCell.swift */ = {isa = PBXFileReference; fileEncoding = 4; lastKnownFileType = sourcecode.swift; path = CWBaseMessageCell.swift; sourceTree = "<group>"; };
		EDF48A8B1CF9D55C00B50DCE /* UIImage+CWChat.swift */ = {isa = PBXFileReference; fileEncoding = 4; lastKnownFileType = sourcecode.swift; path = "UIImage+CWChat.swift"; sourceTree = "<group>"; };
		EDF48A951CF9D85900B50DCE /* CWDiscoverViewController.swift */ = {isa = PBXFileReference; fileEncoding = 4; lastKnownFileType = sourcecode.swift; path = CWDiscoverViewController.swift; sourceTree = "<group>"; };
		EDF48A971CF9D88000B50DCE /* CWMineViewController.swift */ = {isa = PBXFileReference; fileEncoding = 4; lastKnownFileType = sourcecode.swift; path = CWMineViewController.swift; sourceTree = "<group>"; };
		EDF48A9A1CF9D8D300B50DCE /* CWMenuViewController.swift */ = {isa = PBXFileReference; fileEncoding = 4; lastKnownFileType = sourcecode.swift; path = CWMenuViewController.swift; sourceTree = "<group>"; };
		EDF48A9C1CF9D8F600B50DCE /* CWMenuCell.swift */ = {isa = PBXFileReference; fileEncoding = 4; lastKnownFileType = sourcecode.swift; path = CWMenuCell.swift; sourceTree = "<group>"; };
		EDF48A9E1CF9E5DB00B50DCE /* CWMenuItem.swift */ = {isa = PBXFileReference; fileEncoding = 4; lastKnownFileType = sourcecode.swift; path = CWMenuItem.swift; sourceTree = "<group>"; };
		EDF48AA01CF9EE4900B50DCE /* CWDiscoverHelper.swift */ = {isa = PBXFileReference; fileEncoding = 4; lastKnownFileType = sourcecode.swift; path = CWDiscoverHelper.swift; sourceTree = "<group>"; };
		EDF48AA21CF9F95F00B50DCE /* CWMineHelper.swift */ = {isa = PBXFileReference; fileEncoding = 4; lastKnownFileType = sourcecode.swift; path = CWMineHelper.swift; sourceTree = "<group>"; };
		EDF48AA41CF9FC1C00B50DCE /* CWMineUserCell.swift */ = {isa = PBXFileReference; fileEncoding = 4; lastKnownFileType = sourcecode.swift; path = CWMineUserCell.swift; sourceTree = "<group>"; };
		EDF48AA61CFA024A00B50DCE /* CWLogger.swift */ = {isa = PBXFileReference; fileEncoding = 4; lastKnownFileType = sourcecode.swift; path = CWLogger.swift; sourceTree = "<group>"; };
		EDF48AA91CFA82A100B50DCE /* CWSearchController.swift */ = {isa = PBXFileReference; fileEncoding = 4; lastKnownFileType = sourcecode.swift; path = CWSearchController.swift; sourceTree = "<group>"; };
		EDF48AAC1CFA87A500B50DCE /* CWTableViewController.swift */ = {isa = PBXFileReference; fileEncoding = 4; lastKnownFileType = sourcecode.swift; path = CWTableViewController.swift; sourceTree = "<group>"; };
		EDF48AAE1CFA883900B50DCE /* CWFriendSearchViewController.swift */ = {isa = PBXFileReference; fileEncoding = 4; lastKnownFileType = sourcecode.swift; path = CWFriendSearchViewController.swift; sourceTree = "<group>"; };
		EDF48AB01CFA8CCF00B50DCE /* CWFriendsViewController+Delegate.swift */ = {isa = PBXFileReference; fileEncoding = 4; lastKnownFileType = sourcecode.swift; path = "CWFriendsViewController+Delegate.swift"; sourceTree = "<group>"; };
		EDF48AB31CFACADC00B50DCE /* CWWebViewController.swift */ = {isa = PBXFileReference; fileEncoding = 4; lastKnownFileType = sourcecode.swift; path = CWWebViewController.swift; sourceTree = "<group>"; };
		EDF48AB51CFAD63300B50DCE /* CWGameViewController.swift */ = {isa = PBXFileReference; fileEncoding = 4; lastKnownFileType = sourcecode.swift; path = CWGameViewController.swift; sourceTree = "<group>"; };
		EDF48AB71CFAE32E00B50DCE /* UIBarButtonItem+Extensions.swift */ = {isa = PBXFileReference; fileEncoding = 4; lastKnownFileType = sourcecode.swift; path = "UIBarButtonItem+Extensions.swift"; sourceTree = "<group>"; };
		EDF48AB91CFAE7F100B50DCE /* UIView+Frame.swift */ = {isa = PBXFileReference; fileEncoding = 4; lastKnownFileType = sourcecode.swift; path = "UIView+Frame.swift"; sourceTree = "<group>"; };
		EDF48ABD1CFB4A8200B50DCE /* CWMessageCracker.swift */ = {isa = PBXFileReference; fileEncoding = 4; lastKnownFileType = sourcecode.swift; path = CWMessageCracker.swift; sourceTree = "<group>"; };
		EDF48ABF1CFB4CF300B50DCE /* CWMessageTransmitter.swift */ = {isa = PBXFileReference; fileEncoding = 4; lastKnownFileType = sourcecode.swift; path = CWMessageTransmitter.swift; sourceTree = "<group>"; };
		EDF48AC31CFBBCB500B50DCE /* CWBaseMessageHandle.swift */ = {isa = PBXFileReference; fileEncoding = 4; lastKnownFileType = sourcecode.swift; path = CWBaseMessageHandle.swift; sourceTree = "<group>"; };
		EDF48AC51CFBDCDE00B50DCE /* CWChatMessageHandle.swift */ = {isa = PBXFileReference; fileEncoding = 4; lastKnownFileType = sourcecode.swift; path = CWChatMessageHandle.swift; sourceTree = "<group>"; };
		EDF48AC71CFBDE4000B50DCE /* CWMessageModel.swift */ = {isa = PBXFileReference; fileEncoding = 4; lastKnownFileType = sourcecode.swift; path = CWMessageModel.swift; sourceTree = "<group>"; };
		EDF48B0D1CFC2DD300B50DCE /* CWBaseMessageViewController.swift */ = {isa = PBXFileReference; fileEncoding = 4; lastKnownFileType = sourcecode.swift; path = CWBaseMessageViewController.swift; sourceTree = "<group>"; };
		F5B39067CBE9F6B9F84053A7 /* Pods_CWXMPPChat.framework */ = {isa = PBXFileReference; explicitFileType = wrapper.framework; includeInIndex = 0; path = Pods_CWXMPPChat.framework; sourceTree = BUILT_PRODUCTS_DIR; };
/* End PBXFileReference section */

/* Begin PBXFrameworksBuildPhase section */
		ED5BC2911CF87D0D00E1A827 /* Frameworks */ = {
			isa = PBXFrameworksBuildPhase;
			buildActionMask = 2147483647;
			files = (
				B75E76F645D0FB5E81FE1830 /* Pods_CWXMPPChat.framework in Frameworks */,
			);
			runOnlyForDeploymentPostprocessing = 0;
		};
/* End PBXFrameworksBuildPhase section */

/* Begin PBXGroup section */
		5F2B92435158C2D3CD81F2F2 /* Frameworks */ = {
			isa = PBXGroup;
			children = (
				F5B39067CBE9F6B9F84053A7 /* Pods_CWXMPPChat.framework */,
			);
			name = Frameworks;
			sourceTree = "<group>";
		};
		9EC2943A209A358004C2B975 /* Pods */ = {
			isa = PBXGroup;
			children = (
				1A302019F436D9B4A03C7DC5 /* Pods-CWXMPPChat.debug.xcconfig */,
				E8EDF417EF9BECC0EBD57685 /* Pods-CWXMPPChat.release.xcconfig */,
			);
			name = Pods;
			sourceTree = "<group>";
		};
		ED5BC28B1CF87D0D00E1A827 = {
			isa = PBXGroup;
			children = (
				ED5BC2961CF87D0D00E1A827 /* CWXMPPChat */,
				ED5BC2951CF87D0D00E1A827 /* Products */,
				9EC2943A209A358004C2B975 /* Pods */,
				5F2B92435158C2D3CD81F2F2 /* Frameworks */,
			);
			sourceTree = "<group>";
		};
		ED5BC2951CF87D0D00E1A827 /* Products */ = {
			isa = PBXGroup;
			children = (
				ED5BC2941CF87D0D00E1A827 /* CWXMPPChat.app */,
			);
			name = Products;
			sourceTree = "<group>";
		};
		ED5BC2961CF87D0D00E1A827 /* CWXMPPChat */ = {
			isa = PBXGroup;
			children = (
				ED5BC2B41CF87DD700E1A827 /* MainClass */,
				ED5BC2B21CF87DD700E1A827 /* Bussiness */,
				ED5BC2B31CF87DD700E1A827 /* Expand */,
				EDF48A891CF9D52600B50DCE /* General */,
				ED5BC2A91CF87DD700E1A827 /* Application */,
				EDF48A8A1CF9D52600B50DCE /* Resources */,
			);
			path = CWXMPPChat;
			sourceTree = "<group>";
		};
		ED5BC2A91CF87DD700E1A827 /* Application */ = {
			isa = PBXGroup;
			children = (
				ED5BC2AA1CF87DD700E1A827 /* AppDelegate.swift */,
				ED5BC2AB1CF87DD700E1A827 /* Assets.xcassets */,
				ED5BC2BD1CF87DF900E1A827 /* LaunchScreen.storyboard */,
				ED5BC2AE1CF87DD700E1A827 /* Main.storyboard */,
				ED5BC2B01CF87DD700E1A827 /* Info.plist */,
				ED93E7941CF91E8B0038D7CF /* CWXMPPProtocol.swift */,
				ED5BC2C01CF885FD00E1A827 /* CWXMPPManager.swift */,
				ED5BC2C21CF8943900E1A827 /* CWXMPPMessage.swift */,
				ED5BC2C41CF899D600E1A827 /* CWChatConst.swift */,
			);
			path = Application;
			sourceTree = "<group>";
		};
		ED5BC2B21CF87DD700E1A827 /* Bussiness */ = {
			isa = PBXGroup;
			children = (
				ED93E79D1CF9215B0038D7CF /* Message */,
				EDF48ABC1CFB4A6700B50DCE /* MessageCracker */,
				EDF48AC11CFBBC7A00B50DCE /* MessageHandle */,
				EDF48AC21CFBBC7A00B50DCE /* MessageReceipt */,
			);
			path = Bussiness;
			sourceTree = "<group>";
		};
		ED5BC2B31CF87DD700E1A827 /* Expand */ = {
			isa = PBXGroup;
			children = (
				EDF48A7E1CF98ECF00B50DCE /* Tool */,
				EDF48A6E1CF93DE500B50DCE /* Extension */,
			);
			path = Expand;
			sourceTree = "<group>";
		};
		ED5BC2B41CF87DD700E1A827 /* MainClass */ = {
			isa = PBXGroup;
			children = (
				ED5BC2B51CF87DD700E1A827 /* Base */,
				ED5BC2B61CF87DD700E1A827 /* RegisterLogin */,
				ED5BC2D11CF8AB8900E1A827 /* Message */,
				ED5BC2CA1CF8AB8900E1A827 /* Friends */,
				EDF48A8D1CF9D63600B50DCE /* Discover */,
				EDF48A911CF9D63600B50DCE /* Me */,
			);
			path = MainClass;
			sourceTree = "<group>";
		};
		ED5BC2B51CF87DD700E1A827 /* Base */ = {
			isa = PBXGroup;
			children = (
				ED7C4F381CFD5F1100D20B2C /* CWSetting */,
				EDF48AB21CFACAC600B50DCE /* CWWebView */,
				EDF48AAB1CFA879500B50DCE /* CWTableView */,
				EDF48AA81CFA827E00B50DCE /* CWSearch */,
				EDF48A991CF9D8BE00B50DCE /* CWMenu */,
				ED5BC2C61CF8AA4500E1A827 /* CWChatTabBarContoller.swift */,
				ED5BC2C81CF8AAD000E1A827 /* CWChatNavigationController.swift */,
			);
			path = Base;
			sourceTree = "<group>";
		};
		ED5BC2B61CF87DD700E1A827 /* RegisterLogin */ = {
			isa = PBXGroup;
			children = (
			);
			path = RegisterLogin;
			sourceTree = "<group>";
		};
		ED5BC2CA1CF8AB8900E1A827 /* Friends */ = {
			isa = PBXGroup;
			children = (
				ED5BC2CB1CF8AB8900E1A827 /* Controller */,
				ED5BC2CD1CF8AB8900E1A827 /* Model */,
				ED5BC2CF1CF8AB8900E1A827 /* View */,
			);
			path = Friends;
			sourceTree = "<group>";
		};
		ED5BC2CB1CF8AB8900E1A827 /* Controller */ = {
			isa = PBXGroup;
			children = (
				ED5BC2CC1CF8AB8900E1A827 /* CWFriendsViewController.swift */,
				EDF48AB01CFA8CCF00B50DCE /* CWFriendsViewController+Delegate.swift */,
				EDF48AAE1CFA883900B50DCE /* CWFriendSearchViewController.swift */,
			);
			path = Controller;
			sourceTree = "<group>";
		};
		ED5BC2CD1CF8AB8900E1A827 /* Model */ = {
			isa = PBXGroup;
			children = (
				ED5BC2D81CF8ABEE00E1A827 /* CWChatUserModel.swift */,
				ED5BC2CE1CF8AB8900E1A827 /* FriendsHelper.swift */,
			);
			path = Model;
			sourceTree = "<group>";
		};
		ED5BC2CF1CF8AB8900E1A827 /* View */ = {
			isa = PBXGroup;
			children = (
				ED5BC2D01CF8AB8900E1A827 /* ChatFriendCell.swift */,
			);
			path = View;
			sourceTree = "<group>";
		};
		ED5BC2D11CF8AB8900E1A827 /* Message */ = {
			isa = PBXGroup;
			children = (
				ED5BC2D21CF8AB8900E1A827 /* Controller */,
				ED5BC2D31CF8AB8900E1A827 /* Model */,
				ED5BC2D41CF8AB8900E1A827 /* View */,
			);
			path = Message;
			sourceTree = "<group>";
		};
		ED5BC2D21CF8AB8900E1A827 /* Controller */ = {
			isa = PBXGroup;
			children = (
				EDF48B0D1CFC2DD300B50DCE /* CWBaseMessageViewController.swift */,
				ED5BC2DA1CF8AE4A00E1A827 /* CWConversationsViewController.swift */,
				EDF48A711CF9829800B50DCE /* CWChatViewController.swift */,
			);
			path = Controller;
			sourceTree = "<group>";
		};
		ED5BC2D31CF8AB8900E1A827 /* Model */ = {
			isa = PBXGroup;
			children = (
				EDF48A851CF991AE00B50DCE /* CWMessageProtocol.swift */,
				EDF48A751CF98C7200B50DCE /* Conversation */,
				EDF48A761CF98C7200B50DCE /* Message */,
			);
			path = Model;
			sourceTree = "<group>";
		};
		ED5BC2D41CF8AB8900E1A827 /* View */ = {
			isa = PBXGroup;
			children = (
				EDF48A771CF98C8000B50DCE /* Conversation */,
				EDF48A781CF98C8000B50DCE /* Message */,
				EDF48A7B1CF98E0800B50DCE /* Other */,
			);
			path = View;
			sourceTree = "<group>";
		};
		ED7C4F381CFD5F1100D20B2C /* CWSetting */ = {
			isa = PBXGroup;
			children = (
				ED7C4F3F1CFD631000D20B2C /* Controller */,
				ED7C4F401CFD631000D20B2C /* Model */,
				ED7C4F411CFD631000D20B2C /* Views */,
				ED7C4F391CFD5F3900D20B2C /* CWSettingViewController.swift */,
				ED7C4F3B1CFD5F6400D20B2C /* CWSettingItem.swift */,
				ED7C4F3D1CFD5F7200D20B2C /* CWSettingGroup.swift */,
			);
			path = CWSetting;
			sourceTree = "<group>";
		};
		ED7C4F3F1CFD631000D20B2C /* Controller */ = {
			isa = PBXGroup;
			children = (
			);
			path = Controller;
			sourceTree = "<group>";
		};
		ED7C4F401CFD631000D20B2C /* Model */ = {
			isa = PBXGroup;
			children = (
			);
			path = Model;
			sourceTree = "<group>";
		};
		ED7C4F411CFD631000D20B2C /* Views */ = {
			isa = PBXGroup;
			children = (
				ED7C4F4C1CFD797900D20B2C /* CWSettingProtocol.swift */,
				ED7C4F421CFD632400D20B2C /* CWSettingCell.swift */,
				ED7C4F441CFD724600D20B2C /* CWSettingButtonCell.swift */,
				ED7C4F461CFD725D00D20B2C /* CWSettingSwitchCell.swift */,
				ED7C4F481CFD73D400D20B2C /* CWSettingHeaderTitleView.swift */,
				ED7C4F4A1CFD74F000D20B2C /* CWSettingFooterTitleView.swift */,
			);
			path = Views;
			sourceTree = "<group>";
		};
		ED93E79D1CF9215B0038D7CF /* Message */ = {
			isa = PBXGroup;
			children = (
				EDF48ABF1CFB4CF300B50DCE /* CWMessageTransmitter.swift */,
				ED93E79F1CF9215B0038D7CF /* CWMessageDispatchQueue.swift */,
				ED93E79E1CF9215B0038D7CF /* CWMessageDispatchOperation.swift */,
				ED93E7A21CF9216F0038D7CF /* CWTextMessageDispatchOperation.swift */,
				ED93E7A41CF9217D0038D7CF /* CWImageMessageDispatchOperation.swift */,
			);
			path = Message;
			sourceTree = "<group>";
		};
		EDF48A6E1CF93DE500B50DCE /* Extension */ = {
			isa = PBXGroup;
			children = (
				EDF48A6F1CF93DE500B50DCE /* NSString+Extensions.swift */,
				EDF48A731CF9895E00B50DCE /* UIColor+Extensions.swift */,
				EDF48AB91CFAE7F100B50DCE /* UIView+Frame.swift */,
				EDF48AB71CFAE32E00B50DCE /* UIBarButtonItem+Extensions.swift */,
				ED5CDD9E1CFC8C6C000ECD8F /* NSObject+Extension.swift */,
				ED7C4F0B1CFD0E1800D20B2C /* UIImageView+Extensions.swift */,
			);
			path = Extension;
			sourceTree = "<group>";
		};
		EDF48A751CF98C7200B50DCE /* Conversation */ = {
			isa = PBXGroup;
			children = (
				EDF48A831CF98FAB00B50DCE /* CWConversationModel.swift */,
			);
			path = Conversation;
			sourceTree = "<group>";
		};
		EDF48A761CF98C7200B50DCE /* Message */ = {
			isa = PBXGroup;
			children = (
				EDF48AC71CFBDE4000B50DCE /* CWMessageModel.swift */,
			);
			path = Message;
			sourceTree = "<group>";
		};
		EDF48A771CF98C8000B50DCE /* Conversation */ = {
			isa = PBXGroup;
			children = (
				EDF48A791CF98CF900B50DCE /* CWConversationCell.swift */,
				EDF48A811CF98F2000B50DCE /* CWBadgeView.swift */,
			);
			path = Conversation;
			sourceTree = "<group>";
		};
		EDF48A781CF98C8000B50DCE /* Message */ = {
			isa = PBXGroup;
			children = (
				EDF48A871CF9C84800B50DCE /* CWBaseMessageCell.swift */,
				ED5CDDA01CFC8F2B000ECD8F /* CWTextMessageCell.swift */,
				ED7C4F361CFD42A200D20B2C /* CWImageMessageCell.swift */,
				ED5CDDA21CFC9014000ECD8F /* CWTimeMessageCell.swift */,
			);
			path = Message;
			sourceTree = "<group>";
		};
		EDF48A7B1CF98E0800B50DCE /* Other */ = {
			isa = PBXGroup;
			children = (
				EDF48A7C1CF98E3700B50DCE /* CWConversationUIConstant.swift */,
			);
			path = Other;
			sourceTree = "<group>";
		};
		EDF48A7E1CF98ECF00B50DCE /* Tool */ = {
			isa = PBXGroup;
			children = (
				EDF48A7F1CF98EDB00B50DCE /* ChatTimeTool.swift */,
			);
			path = Tool;
			sourceTree = "<group>";
		};
		EDF48A891CF9D52600B50DCE /* General */ = {
			isa = PBXGroup;
			children = (
				EDF48A8B1CF9D55C00B50DCE /* UIImage+CWChat.swift */,
				EDF48AA61CFA024A00B50DCE /* CWLogger.swift */,
				ED7C4F521CFDA0E600D20B2C /* CWUIUtility.swift */,
			);
			path = General;
			sourceTree = "<group>";
		};
		EDF48A8A1CF9D52600B50DCE /* Resources */ = {
			isa = PBXGroup;
			children = (
			);
			path = Resources;
			sourceTree = "<group>";
		};
		EDF48A8D1CF9D63600B50DCE /* Discover */ = {
			isa = PBXGroup;
			children = (
				EDF48A8E1CF9D63600B50DCE /* Controller */,
				EDF48A8F1CF9D63600B50DCE /* Model */,
				EDF48A901CF9D63600B50DCE /* View */,
			);
			path = Discover;
			sourceTree = "<group>";
		};
		EDF48A8E1CF9D63600B50DCE /* Controller */ = {
			isa = PBXGroup;
			children = (
				EDF48A951CF9D85900B50DCE /* CWDiscoverViewController.swift */,
				EDF48AB51CFAD63300B50DCE /* CWGameViewController.swift */,
			);
			path = Controller;
			sourceTree = "<group>";
		};
		EDF48A8F1CF9D63600B50DCE /* Model */ = {
			isa = PBXGroup;
			children = (
				EDF48AA01CF9EE4900B50DCE /* CWDiscoverHelper.swift */,
			);
			path = Model;
			sourceTree = "<group>";
		};
		EDF48A901CF9D63600B50DCE /* View */ = {
			isa = PBXGroup;
			children = (
			);
			path = View;
			sourceTree = "<group>";
		};
		EDF48A911CF9D63600B50DCE /* Me */ = {
			isa = PBXGroup;
			children = (
				EDF48A921CF9D63600B50DCE /* Controller */,
				EDF48A931CF9D63600B50DCE /* Model */,
				EDF48A941CF9D63600B50DCE /* View */,
			);
			path = Me;
			sourceTree = "<group>";
		};
		EDF48A921CF9D63600B50DCE /* Controller */ = {
			isa = PBXGroup;
			children = (
				EDF48A971CF9D88000B50DCE /* CWMineViewController.swift */,
				ED7C4F4E1CFD931E00D20B2C /* CWMineSettingViewController.swift */,
				ED28FD241D005B62000916D3 /* CWAccountSafetyViewController.swift */,
				ED7C4F541CFDA6AC00D20B2C /* CWNewMessageSettingViewController.swift */,
				ED7C4F581CFDE69700D20B2C /* CWPrivacySettingViewController.swift */,
				ED7C4F5C1CFDEBA900D20B2C /* CWCommonSettingViewController.swift */,
				ED28FD221D005A6F000916D3 /* CWHelpAndFeedbackViewController.swift */,
			);
			path = Controller;
			sourceTree = "<group>";
		};
		EDF48A931CF9D63600B50DCE /* Model */ = {
			isa = PBXGroup;
			children = (
				EDF48AA21CF9F95F00B50DCE /* CWMineHelper.swift */,
				ED7C4F501CFD934A00D20B2C /* CWMineSettingHelper.swift */,
				ED28FD261D005BBE000916D3 /* CWAccountSafetyHelper.swift */,
				ED7C4F561CFDA6ED00D20B2C /* CWNewMessageSettingHelper.swift */,
				ED7C4F5A1CFDE6C800D20B2C /* CWPrivacySettingHelper.swift */,
				ED7C4F5E1CFDEBCD00D20B2C /* CWCommonSettingHelper.swift */,
			);
			path = Model;
			sourceTree = "<group>";
		};
		EDF48A941CF9D63600B50DCE /* View */ = {
			isa = PBXGroup;
			children = (
				EDF48AA41CF9FC1C00B50DCE /* CWMineUserCell.swift */,
			);
			path = View;
			sourceTree = "<group>";
		};
		EDF48A991CF9D8BE00B50DCE /* CWMenu */ = {
			isa = PBXGroup;
			children = (
				EDF48A9A1CF9D8D300B50DCE /* CWMenuViewController.swift */,
				EDF48A9C1CF9D8F600B50DCE /* CWMenuCell.swift */,
				EDF48A9E1CF9E5DB00B50DCE /* CWMenuItem.swift */,
			);
			path = CWMenu;
			sourceTree = "<group>";
		};
		EDF48AA81CFA827E00B50DCE /* CWSearch */ = {
			isa = PBXGroup;
			children = (
				EDF48AA91CFA82A100B50DCE /* CWSearchController.swift */,
			);
			path = CWSearch;
			sourceTree = "<group>";
		};
		EDF48AAB1CFA879500B50DCE /* CWTableView */ = {
			isa = PBXGroup;
			children = (
				EDF48AAC1CFA87A500B50DCE /* CWTableViewController.swift */,
			);
			path = CWTableView;
			sourceTree = "<group>";
		};
		EDF48AB21CFACAC600B50DCE /* CWWebView */ = {
			isa = PBXGroup;
			children = (
				EDF48AB31CFACADC00B50DCE /* CWWebViewController.swift */,
			);
			path = CWWebView;
			sourceTree = "<group>";
		};
		EDF48ABC1CFB4A6700B50DCE /* MessageCracker */ = {
			isa = PBXGroup;
			children = (
				EDF48ABD1CFB4A8200B50DCE /* CWMessageCracker.swift */,
			);
			path = MessageCracker;
			sourceTree = "<group>";
		};
		EDF48AC11CFBBC7A00B50DCE /* MessageHandle */ = {
			isa = PBXGroup;
			children = (
				EDF48AC31CFBBCB500B50DCE /* CWBaseMessageHandle.swift */,
				EDF48AC51CFBDCDE00B50DCE /* CWChatMessageHandle.swift */,
			);
			path = MessageHandle;
			sourceTree = "<group>";
		};
		EDF48AC21CFBBC7A00B50DCE /* MessageReceipt */ = {
			isa = PBXGroup;
			children = (
			);
			path = MessageReceipt;
			sourceTree = "<group>";
		};
/* End PBXGroup section */

/* Begin PBXNativeTarget section */
		ED5BC2931CF87D0D00E1A827 /* CWXMPPChat */ = {
			isa = PBXNativeTarget;
			buildConfigurationList = ED5BC2A61CF87D0D00E1A827 /* Build configuration list for PBXNativeTarget "CWXMPPChat" */;
			buildPhases = (
				406E6E7B4EA30EDDF1ECF5E5 /* 📦 Check Pods Manifest.lock */,
				ED5BC2901CF87D0D00E1A827 /* Sources */,
				ED5BC2911CF87D0D00E1A827 /* Frameworks */,
				ED5BC2921CF87D0D00E1A827 /* Resources */,
				998E60A5A56C272A63D0E043 /* 📦 Embed Pods Frameworks */,
				F01D47EA96351BCE3C788CAB /* 📦 Copy Pods Resources */,
			);
			buildRules = (
			);
			dependencies = (
			);
			name = CWXMPPChat;
			productName = CWXMPPChat;
			productReference = ED5BC2941CF87D0D00E1A827 /* CWXMPPChat.app */;
			productType = "com.apple.product-type.application";
		};
/* End PBXNativeTarget section */

/* Begin PBXProject section */
		ED5BC28C1CF87D0D00E1A827 /* Project object */ = {
			isa = PBXProject;
			attributes = {
				CLASSPREFIX = CW;
				LastSwiftUpdateCheck = 0730;
				LastUpgradeCheck = 0730;
				ORGANIZATIONNAME = chenwei;
				TargetAttributes = {
					ED5BC2931CF87D0D00E1A827 = {
						CreatedOnToolsVersion = 7.3;
					};
				};
			};
			buildConfigurationList = ED5BC28F1CF87D0D00E1A827 /* Build configuration list for PBXProject "CWXMPPChat" */;
			compatibilityVersion = "Xcode 3.2";
			developmentRegion = English;
			hasScannedForEncodings = 0;
			knownRegions = (
				en,
				Base,
			);
			mainGroup = ED5BC28B1CF87D0D00E1A827;
			productRefGroup = ED5BC2951CF87D0D00E1A827 /* Products */;
			projectDirPath = "";
			projectRoot = "";
			targets = (
				ED5BC2931CF87D0D00E1A827 /* CWXMPPChat */,
			);
		};
/* End PBXProject section */

/* Begin PBXResourcesBuildPhase section */
		ED5BC2921CF87D0D00E1A827 /* Resources */ = {
			isa = PBXResourcesBuildPhase;
			buildActionMask = 2147483647;
			files = (
				ED5BC2BE1CF87DF900E1A827 /* LaunchScreen.storyboard in Resources */,
				ED5BC2BA1CF87DD700E1A827 /* Main.storyboard in Resources */,
				ED5BC2B81CF87DD700E1A827 /* Assets.xcassets in Resources */,
			);
			runOnlyForDeploymentPostprocessing = 0;
		};
/* End PBXResourcesBuildPhase section */

/* Begin PBXShellScriptBuildPhase section */
		406E6E7B4EA30EDDF1ECF5E5 /* 📦 Check Pods Manifest.lock */ = {
			isa = PBXShellScriptBuildPhase;
			buildActionMask = 2147483647;
			files = (
			);
			inputPaths = (
			);
			name = "📦 Check Pods Manifest.lock";
			outputPaths = (
			);
			runOnlyForDeploymentPostprocessing = 0;
			shellPath = /bin/sh;
			shellScript = "diff \"${PODS_ROOT}/../Podfile.lock\" \"${PODS_ROOT}/Manifest.lock\" > /dev/null\nif [[ $? != 0 ]] ; then\n    cat << EOM\nerror: The sandbox is not in sync with the Podfile.lock. Run 'pod install' or update your CocoaPods installation.\nEOM\n    exit 1\nfi\n";
			showEnvVarsInLog = 0;
		};
		998E60A5A56C272A63D0E043 /* 📦 Embed Pods Frameworks */ = {
			isa = PBXShellScriptBuildPhase;
			buildActionMask = 2147483647;
			files = (
			);
			inputPaths = (
			);
			name = "📦 Embed Pods Frameworks";
			outputPaths = (
			);
			runOnlyForDeploymentPostprocessing = 0;
			shellPath = /bin/sh;
			shellScript = "\"${SRCROOT}/Pods/Target Support Files/Pods-CWXMPPChat/Pods-CWXMPPChat-frameworks.sh\"\n";
			showEnvVarsInLog = 0;
		};
		F01D47EA96351BCE3C788CAB /* 📦 Copy Pods Resources */ = {
			isa = PBXShellScriptBuildPhase;
			buildActionMask = 2147483647;
			files = (
			);
			inputPaths = (
			);
			name = "📦 Copy Pods Resources";
			outputPaths = (
			);
			runOnlyForDeploymentPostprocessing = 0;
			shellPath = /bin/sh;
			shellScript = "\"${SRCROOT}/Pods/Target Support Files/Pods-CWXMPPChat/Pods-CWXMPPChat-resources.sh\"\n";
			showEnvVarsInLog = 0;
		};
/* End PBXShellScriptBuildPhase section */

/* Begin PBXSourcesBuildPhase section */
		ED5BC2901CF87D0D00E1A827 /* Sources */ = {
			isa = PBXSourcesBuildPhase;
			buildActionMask = 2147483647;
			files = (
				ED93E7A11CF9215B0038D7CF /* CWMessageDispatchQueue.swift in Sources */,
				ED7C4F511CFD934A00D20B2C /* CWMineSettingHelper.swift in Sources */,
				EDF48A821CF98F2000B50DCE /* CWBadgeView.swift in Sources */,
				EDF48A981CF9D88000B50DCE /* CWMineViewController.swift in Sources */,
				ED7C4F431CFD632400D20B2C /* CWSettingCell.swift in Sources */,
				EDF48AC81CFBDE4000B50DCE /* CWMessageModel.swift in Sources */,
				ED7C4F4F1CFD931E00D20B2C /* CWMineSettingViewController.swift in Sources */,
				ED7C4F491CFD73D400D20B2C /* CWSettingHeaderTitleView.swift in Sources */,
				EDF48A7D1CF98E3700B50DCE /* CWConversationUIConstant.swift in Sources */,
				EDF48B0E1CFC2DD300B50DCE /* CWBaseMessageViewController.swift in Sources */,
				EDF48A701CF93DE500B50DCE /* NSString+Extensions.swift in Sources */,
				EDF48AB81CFAE32E00B50DCE /* UIBarButtonItem+Extensions.swift in Sources */,
				EDF48A8C1CF9D55C00B50DCE /* UIImage+CWChat.swift in Sources */,
				ED5BC2D51CF8AB8900E1A827 /* CWFriendsViewController.swift in Sources */,
				ED7C4F531CFDA0E600D20B2C /* CWUIUtility.swift in Sources */,
				EDF48A741CF9895E00B50DCE /* UIColor+Extensions.swift in Sources */,
				ED7C4F551CFDA6AC00D20B2C /* CWNewMessageSettingViewController.swift in Sources */,
				ED93E7A01CF9215B0038D7CF /* CWMessageDispatchOperation.swift in Sources */,
				EDF48A881CF9C84800B50DCE /* CWBaseMessageCell.swift in Sources */,
				ED7C4F371CFD42A200D20B2C /* CWImageMessageCell.swift in Sources */,
				ED7C4F571CFDA6ED00D20B2C /* CWNewMessageSettingHelper.swift in Sources */,
				ED93E7A31CF9216F0038D7CF /* CWTextMessageDispatchOperation.swift in Sources */,
				ED5BC2C71CF8AA4500E1A827 /* CWChatTabBarContoller.swift in Sources */,
				EDF48A841CF98FAB00B50DCE /* CWConversationModel.swift in Sources */,
				EDF48A7A1CF98CF900B50DCE /* CWConversationCell.swift in Sources */,
				ED7C4F5F1CFDEBCD00D20B2C /* CWCommonSettingHelper.swift in Sources */,
				EDF48AAA1CFA82A100B50DCE /* CWSearchController.swift in Sources */,
				ED5BC2C11CF885FD00E1A827 /* CWXMPPManager.swift in Sources */,
				ED28FD231D005A6F000916D3 /* CWHelpAndFeedbackViewController.swift in Sources */,
				EDF48A861CF991AE00B50DCE /* CWMessageProtocol.swift in Sources */,
				ED5BC2C91CF8AAD000E1A827 /* CWChatNavigationController.swift in Sources */,
				ED7C4F4B1CFD74F000D20B2C /* CWSettingFooterTitleView.swift in Sources */,
				EDF48AA11CF9EE4900B50DCE /* CWDiscoverHelper.swift in Sources */,
				ED5BC2C31CF8943900E1A827 /* CWXMPPMessage.swift in Sources */,
				EDF48A961CF9D85900B50DCE /* CWDiscoverViewController.swift in Sources */,
				EDF48AA51CF9FC1C00B50DCE /* CWMineUserCell.swift in Sources */,
				EDF48AC01CFB4CF300B50DCE /* CWMessageTransmitter.swift in Sources */,
				ED28FD271D005BBE000916D3 /* CWAccountSafetyHelper.swift in Sources */,
				ED7C4F3C1CFD5F6400D20B2C /* CWSettingItem.swift in Sources */,
				EDF48AB41CFACADC00B50DCE /* CWWebViewController.swift in Sources */,
				EDF48AA71CFA024A00B50DCE /* CWLogger.swift in Sources */,
				ED93E7A51CF9217D0038D7CF /* CWImageMessageDispatchOperation.swift in Sources */,
				EDF48A9B1CF9D8D300B50DCE /* CWMenuViewController.swift in Sources */,
				ED7C4F5B1CFDE6C800D20B2C /* CWPrivacySettingHelper.swift in Sources */,
				ED7C4F591CFDE69700D20B2C /* CWPrivacySettingViewController.swift in Sources */,
				ED7C4F0C1CFD0E1800D20B2C /* UIImageView+Extensions.swift in Sources */,
				ED5BC2D61CF8AB8900E1A827 /* FriendsHelper.swift in Sources */,
				EDF48AC41CFBBCB500B50DCE /* CWBaseMessageHandle.swift in Sources */,
				EDF48A9F1CF9E5DB00B50DCE /* CWMenuItem.swift in Sources */,
				ED5BC2D71CF8AB8900E1A827 /* ChatFriendCell.swift in Sources */,
				ED5BC2D91CF8ABEE00E1A827 /* CWChatUserModel.swift in Sources */,
				EDF48A721CF9829800B50DCE /* CWChatViewController.swift in Sources */,
				EDF48ABE1CFB4A8200B50DCE /* CWMessageCracker.swift in Sources */,
				EDF48AAD1CFA87A500B50DCE /* CWTableViewController.swift in Sources */,
				EDF48A9D1CF9D8F600B50DCE /* CWMenuCell.swift in Sources */,
				EDF48A801CF98EDB00B50DCE /* ChatTimeTool.swift in Sources */,
				ED7C4F451CFD724600D20B2C /* CWSettingButtonCell.swift in Sources */,
				EDF48AB11CFA8CCF00B50DCE /* CWFriendsViewController+Delegate.swift in Sources */,
				ED93E7951CF91E8B0038D7CF /* CWXMPPProtocol.swift in Sources */,
				ED5CDDA31CFC9014000ECD8F /* CWTimeMessageCell.swift in Sources */,
				EDF48AA31CF9F95F00B50DCE /* CWMineHelper.swift in Sources */,
				EDF48AAF1CFA883900B50DCE /* CWFriendSearchViewController.swift in Sources */,
				ED7C4F3A1CFD5F3900D20B2C /* CWSettingViewController.swift in Sources */,
				ED5BC2B71CF87DD700E1A827 /* AppDelegate.swift in Sources */,
				EDF48ABA1CFAE7F100B50DCE /* UIView+Frame.swift in Sources */,
				ED7C4F471CFD725D00D20B2C /* CWSettingSwitchCell.swift in Sources */,
				ED5CDDA11CFC8F2B000ECD8F /* CWTextMessageCell.swift in Sources */,
				ED7C4F3E1CFD5F7200D20B2C /* CWSettingGroup.swift in Sources */,
				ED5BC2DB1CF8AE4A00E1A827 /* CWConversationsViewController.swift in Sources */,
				ED5CDD9F1CFC8C6C000ECD8F /* NSObject+Extension.swift in Sources */,
				ED7C4F4D1CFD797900D20B2C /* CWSettingProtocol.swift in Sources */,
				ED28FD251D005B62000916D3 /* CWAccountSafetyViewController.swift in Sources */,
				EDF48AB61CFAD63300B50DCE /* CWGameViewController.swift in Sources */,
				ED5BC2C51CF899D600E1A827 /* CWChatConst.swift in Sources */,
				ED7C4F5D1CFDEBA900D20B2C /* CWCommonSettingViewController.swift in Sources */,
				EDF48AC61CFBDCDE00B50DCE /* CWChatMessageHandle.swift in Sources */,
			);
			runOnlyForDeploymentPostprocessing = 0;
		};
/* End PBXSourcesBuildPhase section */

/* Begin PBXVariantGroup section */
		ED5BC2AE1CF87DD700E1A827 /* Main.storyboard */ = {
			isa = PBXVariantGroup;
			children = (
				ED5BC2AF1CF87DD700E1A827 /* Base */,
			);
			name = Main.storyboard;
			sourceTree = "<group>";
		};
/* End PBXVariantGroup section */

/* Begin XCBuildConfiguration section */
		ED5BC2A41CF87D0D00E1A827 /* Debug */ = {
			isa = XCBuildConfiguration;
			buildSettings = {
				ALWAYS_SEARCH_USER_PATHS = NO;
				CLANG_ANALYZER_NONNULL = YES;
				CLANG_CXX_LANGUAGE_STANDARD = "gnu++0x";
				CLANG_CXX_LIBRARY = "libc++";
				CLANG_ENABLE_MODULES = YES;
				CLANG_ENABLE_OBJC_ARC = YES;
				CLANG_WARN_BOOL_CONVERSION = YES;
				CLANG_WARN_CONSTANT_CONVERSION = YES;
				CLANG_WARN_DIRECT_OBJC_ISA_USAGE = YES_ERROR;
				CLANG_WARN_EMPTY_BODY = YES;
				CLANG_WARN_ENUM_CONVERSION = YES;
				CLANG_WARN_INT_CONVERSION = YES;
				CLANG_WARN_OBJC_ROOT_CLASS = YES_ERROR;
				CLANG_WARN_UNREACHABLE_CODE = YES;
				CLANG_WARN__DUPLICATE_METHOD_MATCH = YES;
				"CODE_SIGN_IDENTITY[sdk=iphoneos*]" = "iPhone Developer";
				COPY_PHASE_STRIP = NO;
				DEBUG_INFORMATION_FORMAT = dwarf;
				ENABLE_STRICT_OBJC_MSGSEND = YES;
				ENABLE_TESTABILITY = YES;
				GCC_C_LANGUAGE_STANDARD = gnu99;
				GCC_DYNAMIC_NO_PIC = NO;
				GCC_NO_COMMON_BLOCKS = YES;
				GCC_OPTIMIZATION_LEVEL = 0;
				GCC_PREPROCESSOR_DEFINITIONS = (
					"DEBUG=1",
					"$(inherited)",
				);
				GCC_WARN_64_TO_32_BIT_CONVERSION = YES;
				GCC_WARN_ABOUT_RETURN_TYPE = YES_ERROR;
				GCC_WARN_UNDECLARED_SELECTOR = YES;
				GCC_WARN_UNINITIALIZED_AUTOS = YES_AGGRESSIVE;
				GCC_WARN_UNUSED_FUNCTION = YES;
				GCC_WARN_UNUSED_VARIABLE = YES;
				IPHONEOS_DEPLOYMENT_TARGET = 9.3;
				MTL_ENABLE_DEBUG_INFO = YES;
				ONLY_ACTIVE_ARCH = YES;
				SDKROOT = iphoneos;
				SWIFT_OPTIMIZATION_LEVEL = "-Onone";
			};
			name = Debug;
		};
		ED5BC2A51CF87D0D00E1A827 /* Release */ = {
			isa = XCBuildConfiguration;
			buildSettings = {
				ALWAYS_SEARCH_USER_PATHS = NO;
				CLANG_ANALYZER_NONNULL = YES;
				CLANG_CXX_LANGUAGE_STANDARD = "gnu++0x";
				CLANG_CXX_LIBRARY = "libc++";
				CLANG_ENABLE_MODULES = YES;
				CLANG_ENABLE_OBJC_ARC = YES;
				CLANG_WARN_BOOL_CONVERSION = YES;
				CLANG_WARN_CONSTANT_CONVERSION = YES;
				CLANG_WARN_DIRECT_OBJC_ISA_USAGE = YES_ERROR;
				CLANG_WARN_EMPTY_BODY = YES;
				CLANG_WARN_ENUM_CONVERSION = YES;
				CLANG_WARN_INT_CONVERSION = YES;
				CLANG_WARN_OBJC_ROOT_CLASS = YES_ERROR;
				CLANG_WARN_UNREACHABLE_CODE = YES;
				CLANG_WARN__DUPLICATE_METHOD_MATCH = YES;
				"CODE_SIGN_IDENTITY[sdk=iphoneos*]" = "iPhone Developer";
				COPY_PHASE_STRIP = NO;
				DEBUG_INFORMATION_FORMAT = "dwarf-with-dsym";
				ENABLE_NS_ASSERTIONS = NO;
				ENABLE_STRICT_OBJC_MSGSEND = YES;
				GCC_C_LANGUAGE_STANDARD = gnu99;
				GCC_NO_COMMON_BLOCKS = YES;
				GCC_WARN_64_TO_32_BIT_CONVERSION = YES;
				GCC_WARN_ABOUT_RETURN_TYPE = YES_ERROR;
				GCC_WARN_UNDECLARED_SELECTOR = YES;
				GCC_WARN_UNINITIALIZED_AUTOS = YES_AGGRESSIVE;
				GCC_WARN_UNUSED_FUNCTION = YES;
				GCC_WARN_UNUSED_VARIABLE = YES;
				IPHONEOS_DEPLOYMENT_TARGET = 9.3;
				MTL_ENABLE_DEBUG_INFO = NO;
				SDKROOT = iphoneos;
				VALIDATE_PRODUCT = YES;
			};
			name = Release;
		};
		ED5BC2A71CF87D0D00E1A827 /* Debug */ = {
			isa = XCBuildConfiguration;
			baseConfigurationReference = 1A302019F436D9B4A03C7DC5 /* Pods-CWXMPPChat.debug.xcconfig */;
			buildSettings = {
				ASSETCATALOG_COMPILER_APPICON_NAME = AppIcon;
				CODE_SIGN_IDENTITY = "iPhone Developer: wei chen (4CJGE4SRV4)";
				INFOPLIST_FILE = "$(SRCROOT)/CWXMPPChat/Application/Info.plist";
				IPHONEOS_DEPLOYMENT_TARGET = 8.0;
				LD_RUNPATH_SEARCH_PATHS = "$(inherited) @executable_path/Frameworks";
				PRODUCT_BUNDLE_IDENTIFIER = com.cwcoder.CWXMPPChat;
				PRODUCT_NAME = "$(TARGET_NAME)";
				PROVISIONING_PROFILE = "0c752fed-fa22-4068-8291-db1f50c2de4b";
			};
			name = Debug;
		};
		ED5BC2A81CF87D0D00E1A827 /* Release */ = {
			isa = XCBuildConfiguration;
			baseConfigurationReference = E8EDF417EF9BECC0EBD57685 /* Pods-CWXMPPChat.release.xcconfig */;
			buildSettings = {
				ASSETCATALOG_COMPILER_APPICON_NAME = AppIcon;
				INFOPLIST_FILE = "$(SRCROOT)/CWXMPPChat/Application/Info.plist";
				IPHONEOS_DEPLOYMENT_TARGET = 8.0;
				LD_RUNPATH_SEARCH_PATHS = "$(inherited) @executable_path/Frameworks";
				PRODUCT_BUNDLE_IDENTIFIER = com.cwcoder.CWXMPPChat;
				PRODUCT_NAME = "$(TARGET_NAME)";
				PROVISIONING_PROFILE = "0c752fed-fa22-4068-8291-db1f50c2de4b";
			};
			name = Release;
		};
/* End XCBuildConfiguration section */

/* Begin XCConfigurationList section */
		ED5BC28F1CF87D0D00E1A827 /* Build configuration list for PBXProject "CWXMPPChat" */ = {
			isa = XCConfigurationList;
			buildConfigurations = (
				ED5BC2A41CF87D0D00E1A827 /* Debug */,
				ED5BC2A51CF87D0D00E1A827 /* Release */,
			);
			defaultConfigurationIsVisible = 0;
			defaultConfigurationName = Release;
		};
		ED5BC2A61CF87D0D00E1A827 /* Build configuration list for PBXNativeTarget "CWXMPPChat" */ = {
			isa = XCConfigurationList;
			buildConfigurations = (
				ED5BC2A71CF87D0D00E1A827 /* Debug */,
				ED5BC2A81CF87D0D00E1A827 /* Release */,
			);
			defaultConfigurationIsVisible = 0;
			defaultConfigurationName = Release;
		};
/* End XCConfigurationList section */
	};
	rootObject = ED5BC28C1CF87D0D00E1A827 /* Project object */;
}
