// !$*UTF8*$!
{
	archiveVersion = 1;
	classes = {
	};
	objectVersion = 46;
	objects = {

/* Begin PBXBuildFile section */
		B75E76F645D0FB5E81FE1830 /* Pods_CWXMPPChat.framework in Frameworks */ = {isa = PBXBuildFile; fileRef = F5B39067CBE9F6B9F84053A7 /* Pods_CWXMPPChat.framework */; };
		ED5BC2B71CF87DD700E1A827 /* AppDelegate.swift in Sources */ = {isa = PBXBuildFile; fileRef = ED5BC2AA1CF87DD700E1A827 /* AppDelegate.swift */; };
		ED5BC2B81CF87DD700E1A827 /* Assets.xcassets in Resources */ = {isa = PBXBuildFile; fileRef = ED5BC2AB1CF87DD700E1A827 /* Assets.xcassets */; };
		ED5BC2BA1CF87DD700E1A827 /* Main.storyboard in Resources */ = {isa = PBXBuildFile; fileRef = ED5BC2AE1CF87DD700E1A827 /* Main.storyboard */; };
		ED5BC2BE1CF87DF900E1A827 /* LaunchScreen.storyboard in Resources */ = {isa = PBXBuildFile; fileRef = ED5BC2BD1CF87DF900E1A827 /* LaunchScreen.storyboard */; };
		ED5BC2C11CF885FD00E1A827 /* CWXMPPManager.swift in Sources */ = {isa = PBXBuildFile; fileRef = ED5BC2C01CF885FD00E1A827 /* CWXMPPManager.swift */; };
		ED5BC2C31CF8943900E1A827 /* CWXMPPMessage.swift in Sources */ = {isa = PBXBuildFile; fileRef = ED5BC2C21CF8943900E1A827 /* CWXMPPMessage.swift */; };
		ED5BC2C51CF899D600E1A827 /* CWChatConst.swift in Sources */ = {isa = PBXBuildFile; fileRef = ED5BC2C41CF899D600E1A827 /* CWChatConst.swift */; };
		ED5BC2C71CF8AA4500E1A827 /* CWChatTabBarContoller.swift in Sources */ = {isa = PBXBuildFile; fileRef = ED5BC2C61CF8AA4500E1A827 /* CWChatTabBarContoller.swift */; };
		ED5BC2C91CF8AAD000E1A827 /* CWChatNavigationController.swift in Sources */ = {isa = PBXBuildFile; fileRef = ED5BC2C81CF8AAD000E1A827 /* CWChatNavigationController.swift */; };
		ED5BC2D51CF8AB8900E1A827 /* FriendsViewController.swift in Sources */ = {isa = PBXBuildFile; fileRef = ED5BC2CC1CF8AB8900E1A827 /* FriendsViewController.swift */; };
		ED5BC2D61CF8AB8900E1A827 /* FriendsHelper.swift in Sources */ = {isa = PBXBuildFile; fileRef = ED5BC2CE1CF8AB8900E1A827 /* FriendsHelper.swift */; };
		ED5BC2D71CF8AB8900E1A827 /* ChatFriendCell.swift in Sources */ = {isa = PBXBuildFile; fileRef = ED5BC2D01CF8AB8900E1A827 /* ChatFriendCell.swift */; };
		ED5BC2D91CF8ABEE00E1A827 /* ChatUserModel.swift in Sources */ = {isa = PBXBuildFile; fileRef = ED5BC2D81CF8ABEE00E1A827 /* ChatUserModel.swift */; };
		ED5BC2DB1CF8AE4A00E1A827 /* CWChatListViewController.swift in Sources */ = {isa = PBXBuildFile; fileRef = ED5BC2DA1CF8AE4A00E1A827 /* CWChatListViewController.swift */; };
/* End PBXBuildFile section */

/* Begin PBXFileReference section */
		1A302019F436D9B4A03C7DC5 /* Pods-CWXMPPChat.debug.xcconfig */ = {isa = PBXFileReference; includeInIndex = 1; lastKnownFileType = text.xcconfig; name = "Pods-CWXMPPChat.debug.xcconfig"; path = "Pods/Target Support Files/Pods-CWXMPPChat/Pods-CWXMPPChat.debug.xcconfig"; sourceTree = "<group>"; };
		E8EDF417EF9BECC0EBD57685 /* Pods-CWXMPPChat.release.xcconfig */ = {isa = PBXFileReference; includeInIndex = 1; lastKnownFileType = text.xcconfig; name = "Pods-CWXMPPChat.release.xcconfig"; path = "Pods/Target Support Files/Pods-CWXMPPChat/Pods-CWXMPPChat.release.xcconfig"; sourceTree = "<group>"; };
		ED5BC2941CF87D0D00E1A827 /* CWXMPPChat.app */ = {isa = PBXFileReference; explicitFileType = wrapper.application; includeInIndex = 0; path = CWXMPPChat.app; sourceTree = BUILT_PRODUCTS_DIR; };
		ED5BC2AA1CF87DD700E1A827 /* AppDelegate.swift */ = {isa = PBXFileReference; fileEncoding = 4; lastKnownFileType = sourcecode.swift; path = AppDelegate.swift; sourceTree = "<group>"; };
		ED5BC2AB1CF87DD700E1A827 /* Assets.xcassets */ = {isa = PBXFileReference; lastKnownFileType = folder.assetcatalog; path = Assets.xcassets; sourceTree = "<group>"; };
		ED5BC2AF1CF87DD700E1A827 /* Base */ = {isa = PBXFileReference; lastKnownFileType = file.storyboard; name = Base; path = Base.lproj/Main.storyboard; sourceTree = "<group>"; };
		ED5BC2B01CF87DD700E1A827 /* Info.plist */ = {isa = PBXFileReference; fileEncoding = 4; lastKnownFileType = text.plist.xml; path = Info.plist; sourceTree = "<group>"; };
		ED5BC2BD1CF87DF900E1A827 /* LaunchScreen.storyboard */ = {isa = PBXFileReference; fileEncoding = 4; lastKnownFileType = file.storyboard; path = LaunchScreen.storyboard; sourceTree = "<group>"; };
		ED5BC2C01CF885FD00E1A827 /* CWXMPPManager.swift */ = {isa = PBXFileReference; fileEncoding = 4; lastKnownFileType = sourcecode.swift; path = CWXMPPManager.swift; sourceTree = "<group>"; };
		ED5BC2C21CF8943900E1A827 /* CWXMPPMessage.swift */ = {isa = PBXFileReference; fileEncoding = 4; lastKnownFileType = sourcecode.swift; path = CWXMPPMessage.swift; sourceTree = "<group>"; };
		ED5BC2C41CF899D600E1A827 /* CWChatConst.swift */ = {isa = PBXFileReference; fileEncoding = 4; lastKnownFileType = sourcecode.swift; path = CWChatConst.swift; sourceTree = "<group>"; };
		ED5BC2C61CF8AA4500E1A827 /* CWChatTabBarContoller.swift */ = {isa = PBXFileReference; fileEncoding = 4; lastKnownFileType = sourcecode.swift; path = CWChatTabBarContoller.swift; sourceTree = "<group>"; };
		ED5BC2C81CF8AAD000E1A827 /* CWChatNavigationController.swift */ = {isa = PBXFileReference; fileEncoding = 4; lastKnownFileType = sourcecode.swift; path = CWChatNavigationController.swift; sourceTree = "<group>"; };
		ED5BC2CC1CF8AB8900E1A827 /* FriendsViewController.swift */ = {isa = PBXFileReference; fileEncoding = 4; lastKnownFileType = sourcecode.swift; path = FriendsViewController.swift; sourceTree = "<group>"; };
		ED5BC2CE1CF8AB8900E1A827 /* FriendsHelper.swift */ = {isa = PBXFileReference; fileEncoding = 4; lastKnownFileType = sourcecode.swift; path = FriendsHelper.swift; sourceTree = "<group>"; };
		ED5BC2D01CF8AB8900E1A827 /* ChatFriendCell.swift */ = {isa = PBXFileReference; fileEncoding = 4; lastKnownFileType = sourcecode.swift; path = ChatFriendCell.swift; sourceTree = "<group>"; };
		ED5BC2D81CF8ABEE00E1A827 /* ChatUserModel.swift */ = {isa = PBXFileReference; fileEncoding = 4; lastKnownFileType = sourcecode.swift; path = ChatUserModel.swift; sourceTree = "<group>"; };
		ED5BC2DA1CF8AE4A00E1A827 /* CWChatListViewController.swift */ = {isa = PBXFileReference; fileEncoding = 4; lastKnownFileType = sourcecode.swift; path = CWChatListViewController.swift; sourceTree = "<group>"; };
		F5B39067CBE9F6B9F84053A7 /* Pods_CWXMPPChat.framework */ = {isa = PBXFileReference; explicitFileType = wrapper.framework; includeInIndex = 0; path = Pods_CWXMPPChat.framework; sourceTree = BUILT_PRODUCTS_DIR; };
/* End PBXFileReference section */

/* Begin PBXFrameworksBuildPhase section */
		ED5BC2911CF87D0D00E1A827 /* Frameworks */ = {
			isa = PBXFrameworksBuildPhase;
			buildActionMask = 2147483647;
			files = (
				B75E76F645D0FB5E81FE1830 /* Pods_CWXMPPChat.framework in Frameworks */,
			);
			runOnlyForDeploymentPostprocessing = 0;
		};
/* End PBXFrameworksBuildPhase section */

/* Begin PBXGroup section */
		5F2B92435158C2D3CD81F2F2 /* Frameworks */ = {
			isa = PBXGroup;
			children = (
				F5B39067CBE9F6B9F84053A7 /* Pods_CWXMPPChat.framework */,
			);
			name = Frameworks;
			sourceTree = "<group>";
		};
		9EC2943A209A358004C2B975 /* Pods */ = {
			isa = PBXGroup;
			children = (
				1A302019F436D9B4A03C7DC5 /* Pods-CWXMPPChat.debug.xcconfig */,
				E8EDF417EF9BECC0EBD57685 /* Pods-CWXMPPChat.release.xcconfig */,
			);
			name = Pods;
			sourceTree = "<group>";
		};
		ED5BC28B1CF87D0D00E1A827 = {
			isa = PBXGroup;
			children = (
				ED5BC2961CF87D0D00E1A827 /* CWXMPPChat */,
				ED5BC2951CF87D0D00E1A827 /* Products */,
				9EC2943A209A358004C2B975 /* Pods */,
				5F2B92435158C2D3CD81F2F2 /* Frameworks */,
			);
			sourceTree = "<group>";
		};
		ED5BC2951CF87D0D00E1A827 /* Products */ = {
			isa = PBXGroup;
			children = (
				ED5BC2941CF87D0D00E1A827 /* CWXMPPChat.app */,
			);
			name = Products;
			sourceTree = "<group>";
		};
		ED5BC2961CF87D0D00E1A827 /* CWXMPPChat */ = {
			isa = PBXGroup;
			children = (
				ED5BC2A91CF87DD700E1A827 /* Application */,
				ED5BC2B21CF87DD700E1A827 /* Bussiness */,
				ED5BC2B31CF87DD700E1A827 /* Expand */,
				ED5BC2B41CF87DD700E1A827 /* MainClass */,
			);
			path = CWXMPPChat;
			sourceTree = "<group>";
		};
		ED5BC2A91CF87DD700E1A827 /* Application */ = {
			isa = PBXGroup;
			children = (
				ED5BC2AA1CF87DD700E1A827 /* AppDelegate.swift */,
				ED5BC2AB1CF87DD700E1A827 /* Assets.xcassets */,
				ED5BC2BD1CF87DF900E1A827 /* LaunchScreen.storyboard */,
				ED5BC2AE1CF87DD700E1A827 /* Main.storyboard */,
				ED5BC2B01CF87DD700E1A827 /* Info.plist */,
				ED5BC2C01CF885FD00E1A827 /* CWXMPPManager.swift */,
				ED5BC2C21CF8943900E1A827 /* CWXMPPMessage.swift */,
				ED5BC2C41CF899D600E1A827 /* CWChatConst.swift */,
			);
			path = Application;
			sourceTree = "<group>";
		};
		ED5BC2B21CF87DD700E1A827 /* Bussiness */ = {
			isa = PBXGroup;
			children = (
			);
			path = Bussiness;
			sourceTree = "<group>";
		};
		ED5BC2B31CF87DD700E1A827 /* Expand */ = {
			isa = PBXGroup;
			children = (
			);
			path = Expand;
			sourceTree = "<group>";
		};
		ED5BC2B41CF87DD700E1A827 /* MainClass */ = {
			isa = PBXGroup;
			children = (
				ED5BC2CA1CF8AB8900E1A827 /* Friends */,
				ED5BC2D11CF8AB8900E1A827 /* Message */,
				ED5BC2B51CF87DD700E1A827 /* Base */,
				ED5BC2B61CF87DD700E1A827 /* RegisterLogin */,
			);
			path = MainClass;
			sourceTree = "<group>";
		};
		ED5BC2B51CF87DD700E1A827 /* Base */ = {
			isa = PBXGroup;
			children = (
				ED5BC2C61CF8AA4500E1A827 /* CWChatTabBarContoller.swift */,
				ED5BC2C81CF8AAD000E1A827 /* CWChatNavigationController.swift */,
			);
			path = Base;
			sourceTree = "<group>";
		};
		ED5BC2B61CF87DD700E1A827 /* RegisterLogin */ = {
			isa = PBXGroup;
			children = (
			);
			path = RegisterLogin;
			sourceTree = "<group>";
		};
		ED5BC2CA1CF8AB8900E1A827 /* Friends */ = {
			isa = PBXGroup;
			children = (
				ED5BC2CB1CF8AB8900E1A827 /* Controller */,
				ED5BC2CD1CF8AB8900E1A827 /* Model */,
				ED5BC2CF1CF8AB8900E1A827 /* View */,
			);
			path = Friends;
			sourceTree = "<group>";
		};
		ED5BC2CB1CF8AB8900E1A827 /* Controller */ = {
			isa = PBXGroup;
			children = (
				ED5BC2CC1CF8AB8900E1A827 /* FriendsViewController.swift */,
			);
			path = Controller;
			sourceTree = "<group>";
		};
		ED5BC2CD1CF8AB8900E1A827 /* Model */ = {
			isa = PBXGroup;
			children = (
				ED5BC2D81CF8ABEE00E1A827 /* ChatUserModel.swift */,
				ED5BC2CE1CF8AB8900E1A827 /* FriendsHelper.swift */,
			);
			path = Model;
			sourceTree = "<group>";
		};
		ED5BC2CF1CF8AB8900E1A827 /* View */ = {
			isa = PBXGroup;
			children = (
				ED5BC2D01CF8AB8900E1A827 /* ChatFriendCell.swift */,
			);
			path = View;
			sourceTree = "<group>";
		};
		ED5BC2D11CF8AB8900E1A827 /* Message */ = {
			isa = PBXGroup;
			children = (
				ED5BC2D21CF8AB8900E1A827 /* Controller */,
				ED5BC2D31CF8AB8900E1A827 /* Model */,
				ED5BC2D41CF8AB8900E1A827 /* View */,
			);
			path = Message;
			sourceTree = "<group>";
		};
		ED5BC2D21CF8AB8900E1A827 /* Controller */ = {
			isa = PBXGroup;
			children = (
				ED5BC2DA1CF8AE4A00E1A827 /* CWChatListViewController.swift */,
			);
			path = Controller;
			sourceTree = "<group>";
		};
		ED5BC2D31CF8AB8900E1A827 /* Model */ = {
			isa = PBXGroup;
			children = (
			);
			path = Model;
			sourceTree = "<group>";
		};
		ED5BC2D41CF8AB8900E1A827 /* View */ = {
			isa = PBXGroup;
			children = (
			);
			path = View;
			sourceTree = "<group>";
		};
/* End PBXGroup section */

/* Begin PBXNativeTarget section */
		ED5BC2931CF87D0D00E1A827 /* CWXMPPChat */ = {
			isa = PBXNativeTarget;
			buildConfigurationList = ED5BC2A61CF87D0D00E1A827 /* Build configuration list for PBXNativeTarget "CWXMPPChat" */;
			buildPhases = (
				406E6E7B4EA30EDDF1ECF5E5 /* 📦 Check Pods Manifest.lock */,
				ED5BC2901CF87D0D00E1A827 /* Sources */,
				ED5BC2911CF87D0D00E1A827 /* Frameworks */,
				ED5BC2921CF87D0D00E1A827 /* Resources */,
				998E60A5A56C272A63D0E043 /* 📦 Embed Pods Frameworks */,
				F01D47EA96351BCE3C788CAB /* 📦 Copy Pods Resources */,
			);
			buildRules = (
			);
			dependencies = (
			);
			name = CWXMPPChat;
			productName = CWXMPPChat;
			productReference = ED5BC2941CF87D0D00E1A827 /* CWXMPPChat.app */;
			productType = "com.apple.product-type.application";
		};
/* End PBXNativeTarget section */

/* Begin PBXProject section */
		ED5BC28C1CF87D0D00E1A827 /* Project object */ = {
			isa = PBXProject;
			attributes = {
				CLASSPREFIX = CW;
				LastSwiftUpdateCheck = 0730;
				LastUpgradeCheck = 0730;
				ORGANIZATIONNAME = chenwei;
				TargetAttributes = {
					ED5BC2931CF87D0D00E1A827 = {
						CreatedOnToolsVersion = 7.3;
					};
				};
			};
			buildConfigurationList = ED5BC28F1CF87D0D00E1A827 /* Build configuration list for PBXProject "CWXMPPChat" */;
			compatibilityVersion = "Xcode 3.2";
			developmentRegion = English;
			hasScannedForEncodings = 0;
			knownRegions = (
				en,
				Base,
			);
			mainGroup = ED5BC28B1CF87D0D00E1A827;
			productRefGroup = ED5BC2951CF87D0D00E1A827 /* Products */;
			projectDirPath = "";
			projectRoot = "";
			targets = (
				ED5BC2931CF87D0D00E1A827 /* CWXMPPChat */,
			);
		};
/* End PBXProject section */

/* Begin PBXResourcesBuildPhase section */
		ED5BC2921CF87D0D00E1A827 /* Resources */ = {
			isa = PBXResourcesBuildPhase;
			buildActionMask = 2147483647;
			files = (
				ED5BC2BE1CF87DF900E1A827 /* LaunchScreen.storyboard in Resources */,
				ED5BC2BA1CF87DD700E1A827 /* Main.storyboard in Resources */,
				ED5BC2B81CF87DD700E1A827 /* Assets.xcassets in Resources */,
			);
			runOnlyForDeploymentPostprocessing = 0;
		};
/* End PBXResourcesBuildPhase section */

/* Begin PBXShellScriptBuildPhase section */
		406E6E7B4EA30EDDF1ECF5E5 /* 📦 Check Pods Manifest.lock */ = {
			isa = PBXShellScriptBuildPhase;
			buildActionMask = 2147483647;
			files = (
			);
			inputPaths = (
			);
			name = "📦 Check Pods Manifest.lock";
			outputPaths = (
			);
			runOnlyForDeploymentPostprocessing = 0;
			shellPath = /bin/sh;
			shellScript = "diff \"${PODS_ROOT}/../Podfile.lock\" \"${PODS_ROOT}/Manifest.lock\" > /dev/null\nif [[ $? != 0 ]] ; then\n    cat << EOM\nerror: The sandbox is not in sync with the Podfile.lock. Run 'pod install' or update your CocoaPods installation.\nEOM\n    exit 1\nfi\n";
			showEnvVarsInLog = 0;
		};
		998E60A5A56C272A63D0E043 /* 📦 Embed Pods Frameworks */ = {
			isa = PBXShellScriptBuildPhase;
			buildActionMask = 2147483647;
			files = (
			);
			inputPaths = (
			);
			name = "📦 Embed Pods Frameworks";
			outputPaths = (
			);
			runOnlyForDeploymentPostprocessing = 0;
			shellPath = /bin/sh;
			shellScript = "\"${SRCROOT}/Pods/Target Support Files/Pods-CWXMPPChat/Pods-CWXMPPChat-frameworks.sh\"\n";
			showEnvVarsInLog = 0;
		};
		F01D47EA96351BCE3C788CAB /* 📦 Copy Pods Resources */ = {
			isa = PBXShellScriptBuildPhase;
			buildActionMask = 2147483647;
			files = (
			);
			inputPaths = (
			);
			name = "📦 Copy Pods Resources";
			outputPaths = (
			);
			runOnlyForDeploymentPostprocessing = 0;
			shellPath = /bin/sh;
			shellScript = "\"${SRCROOT}/Pods/Target Support Files/Pods-CWXMPPChat/Pods-CWXMPPChat-resources.sh\"\n";
			showEnvVarsInLog = 0;
		};
/* End PBXShellScriptBuildPhase section */

/* Begin PBXSourcesBuildPhase section */
		ED5BC2901CF87D0D00E1A827 /* Sources */ = {
			isa = PBXSourcesBuildPhase;
			buildActionMask = 2147483647;
			files = (
				ED5BC2D51CF8AB8900E1A827 /* FriendsViewController.swift in Sources */,
				ED5BC2C71CF8AA4500E1A827 /* CWChatTabBarContoller.swift in Sources */,
				ED5BC2C11CF885FD00E1A827 /* CWXMPPManager.swift in Sources */,
				ED5BC2C91CF8AAD000E1A827 /* CWChatNavigationController.swift in Sources */,
				ED5BC2C31CF8943900E1A827 /* CWXMPPMessage.swift in Sources */,
				ED5BC2D61CF8AB8900E1A827 /* FriendsHelper.swift in Sources */,
				ED5BC2D71CF8AB8900E1A827 /* ChatFriendCell.swift in Sources */,
				ED5BC2D91CF8ABEE00E1A827 /* ChatUserModel.swift in Sources */,
				ED5BC2B71CF87DD700E1A827 /* AppDelegate.swift in Sources */,
				ED5BC2DB1CF8AE4A00E1A827 /* CWChatListViewController.swift in Sources */,
				ED5BC2C51CF899D600E1A827 /* CWChatConst.swift in Sources */,
			);
			runOnlyForDeploymentPostprocessing = 0;
		};
/* End PBXSourcesBuildPhase section */

/* Begin PBXVariantGroup section */
		ED5BC2AE1CF87DD700E1A827 /* Main.storyboard */ = {
			isa = PBXVariantGroup;
			children = (
				ED5BC2AF1CF87DD700E1A827 /* Base */,
			);
			name = Main.storyboard;
			sourceTree = "<group>";
		};
/* End PBXVariantGroup section */

/* Begin XCBuildConfiguration section */
		ED5BC2A41CF87D0D00E1A827 /* Debug */ = {
			isa = XCBuildConfiguration;
			buildSettings = {
				ALWAYS_SEARCH_USER_PATHS = NO;
				CLANG_ANALYZER_NONNULL = YES;
				CLANG_CXX_LANGUAGE_STANDARD = "gnu++0x";
				CLANG_CXX_LIBRARY = "libc++";
				CLANG_ENABLE_MODULES = YES;
				CLANG_ENABLE_OBJC_ARC = YES;
				CLANG_WARN_BOOL_CONVERSION = YES;
				CLANG_WARN_CONSTANT_CONVERSION = YES;
				CLANG_WARN_DIRECT_OBJC_ISA_USAGE = YES_ERROR;
				CLANG_WARN_EMPTY_BODY = YES;
				CLANG_WARN_ENUM_CONVERSION = YES;
				CLANG_WARN_INT_CONVERSION = YES;
				CLANG_WARN_OBJC_ROOT_CLASS = YES_ERROR;
				CLANG_WARN_UNREACHABLE_CODE = YES;
				CLANG_WARN__DUPLICATE_METHOD_MATCH = YES;
				"CODE_SIGN_IDENTITY[sdk=iphoneos*]" = "iPhone Developer";
				COPY_PHASE_STRIP = NO;
				DEBUG_INFORMATION_FORMAT = dwarf;
				ENABLE_STRICT_OBJC_MSGSEND = YES;
				ENABLE_TESTABILITY = YES;
				GCC_C_LANGUAGE_STANDARD = gnu99;
				GCC_DYNAMIC_NO_PIC = NO;
				GCC_NO_COMMON_BLOCKS = YES;
				GCC_OPTIMIZATION_LEVEL = 0;
				GCC_PREPROCESSOR_DEFINITIONS = (
					"DEBUG=1",
					"$(inherited)",
				);
				GCC_WARN_64_TO_32_BIT_CONVERSION = YES;
				GCC_WARN_ABOUT_RETURN_TYPE = YES_ERROR;
				GCC_WARN_UNDECLARED_SELECTOR = YES;
				GCC_WARN_UNINITIALIZED_AUTOS = YES_AGGRESSIVE;
				GCC_WARN_UNUSED_FUNCTION = YES;
				GCC_WARN_UNUSED_VARIABLE = YES;
				IPHONEOS_DEPLOYMENT_TARGET = 9.3;
				MTL_ENABLE_DEBUG_INFO = YES;
				ONLY_ACTIVE_ARCH = YES;
				SDKROOT = iphoneos;
				SWIFT_OPTIMIZATION_LEVEL = "-Onone";
			};
			name = Debug;
		};
		ED5BC2A51CF87D0D00E1A827 /* Release */ = {
			isa = XCBuildConfiguration;
			buildSettings = {
				ALWAYS_SEARCH_USER_PATHS = NO;
				CLANG_ANALYZER_NONNULL = YES;
				CLANG_CXX_LANGUAGE_STANDARD = "gnu++0x";
				CLANG_CXX_LIBRARY = "libc++";
				CLANG_ENABLE_MODULES = YES;
				CLANG_ENABLE_OBJC_ARC = YES;
				CLANG_WARN_BOOL_CONVERSION = YES;
				CLANG_WARN_CONSTANT_CONVERSION = YES;
				CLANG_WARN_DIRECT_OBJC_ISA_USAGE = YES_ERROR;
				CLANG_WARN_EMPTY_BODY = YES;
				CLANG_WARN_ENUM_CONVERSION = YES;
				CLANG_WARN_INT_CONVERSION = YES;
				CLANG_WARN_OBJC_ROOT_CLASS = YES_ERROR;
				CLANG_WARN_UNREACHABLE_CODE = YES;
				CLANG_WARN__DUPLICATE_METHOD_MATCH = YES;
				"CODE_SIGN_IDENTITY[sdk=iphoneos*]" = "iPhone Developer";
				COPY_PHASE_STRIP = NO;
				DEBUG_INFORMATION_FORMAT = "dwarf-with-dsym";
				ENABLE_NS_ASSERTIONS = NO;
				ENABLE_STRICT_OBJC_MSGSEND = YES;
				GCC_C_LANGUAGE_STANDARD = gnu99;
				GCC_NO_COMMON_BLOCKS = YES;
				GCC_WARN_64_TO_32_BIT_CONVERSION = YES;
				GCC_WARN_ABOUT_RETURN_TYPE = YES_ERROR;
				GCC_WARN_UNDECLARED_SELECTOR = YES;
				GCC_WARN_UNINITIALIZED_AUTOS = YES_AGGRESSIVE;
				GCC_WARN_UNUSED_FUNCTION = YES;
				GCC_WARN_UNUSED_VARIABLE = YES;
				IPHONEOS_DEPLOYMENT_TARGET = 9.3;
				MTL_ENABLE_DEBUG_INFO = NO;
				SDKROOT = iphoneos;
				VALIDATE_PRODUCT = YES;
			};
			name = Release;
		};
		ED5BC2A71CF87D0D00E1A827 /* Debug */ = {
			isa = XCBuildConfiguration;
			baseConfigurationReference = 1A302019F436D9B4A03C7DC5 /* Pods-CWXMPPChat.debug.xcconfig */;
			buildSettings = {
				ASSETCATALOG_COMPILER_APPICON_NAME = AppIcon;
				CODE_SIGN_IDENTITY = "iPhone Developer: wei chen (4CJGE4SRV4)";
				INFOPLIST_FILE = "$(SRCROOT)/CWXMPPChat/Application/Info.plist";
				IPHONEOS_DEPLOYMENT_TARGET = 8.0;
				LD_RUNPATH_SEARCH_PATHS = "$(inherited) @executable_path/Frameworks";
				PRODUCT_BUNDLE_IDENTIFIER = com.cwcoder.CWXMPPChat;
				PRODUCT_NAME = "$(TARGET_NAME)";
				PROVISIONING_PROFILE = "0c752fed-fa22-4068-8291-db1f50c2de4b";
			};
			name = Debug;
		};
		ED5BC2A81CF87D0D00E1A827 /* Release */ = {
			isa = XCBuildConfiguration;
			baseConfigurationReference = E8EDF417EF9BECC0EBD57685 /* Pods-CWXMPPChat.release.xcconfig */;
			buildSettings = {
				ASSETCATALOG_COMPILER_APPICON_NAME = AppIcon;
				INFOPLIST_FILE = "$(SRCROOT)/CWXMPPChat/Application/Info.plist";
				IPHONEOS_DEPLOYMENT_TARGET = 8.0;
				LD_RUNPATH_SEARCH_PATHS = "$(inherited) @executable_path/Frameworks";
				PRODUCT_BUNDLE_IDENTIFIER = com.cwcoder.CWXMPPChat;
				PRODUCT_NAME = "$(TARGET_NAME)";
				PROVISIONING_PROFILE = "0c752fed-fa22-4068-8291-db1f50c2de4b";
			};
			name = Release;
		};
/* End XCBuildConfiguration section */

/* Begin XCConfigurationList section */
		ED5BC28F1CF87D0D00E1A827 /* Build configuration list for PBXProject "CWXMPPChat" */ = {
			isa = XCConfigurationList;
			buildConfigurations = (
				ED5BC2A41CF87D0D00E1A827 /* Debug */,
				ED5BC2A51CF87D0D00E1A827 /* Release */,
			);
			defaultConfigurationIsVisible = 0;
			defaultConfigurationName = Release;
		};
		ED5BC2A61CF87D0D00E1A827 /* Build configuration list for PBXNativeTarget "CWXMPPChat" */ = {
			isa = XCConfigurationList;
			buildConfigurations = (
				ED5BC2A71CF87D0D00E1A827 /* Debug */,
				ED5BC2A81CF87D0D00E1A827 /* Release */,
			);
			defaultConfigurationIsVisible = 0;
			defaultConfigurationName = Release;
		};
/* End XCConfigurationList section */
	};
	rootObject = ED5BC28C1CF87D0D00E1A827 /* Project object */;
}
